{
    "_meta": {
        "hash": {
            "sha256": "98468c37d1243f0149a4abbfefb8b6af773efbac827f063b01312603c38d5ac7"
        },
        "pipfile-spec": 6,
        "requires": {
            "python_version": "3.8"
        },
        "sources": [
            {
                "name": "pypi",
                "url": "https://pypi.org/simple",
                "verify_ssl": true
            }
        ]
    },
    "default": {
        "attrs": {
            "hashes": [
                "sha256:149e90d6d8ac20db7a955ad60cf0e6881a3f20d37096140088356da6c716b0b1",
                "sha256:ef6aaac3ca6cd92904cdd0d83f629a15f18053ec84e6432106f7a4d04ae4f5fb"
            ],
            "markers": "python_version >= '2.7' and python_version not in '3.0, 3.1, 3.2, 3.3, 3.4'",
            "version": "==21.2.0"
        },
        "beautifulsoup4": {
            "hashes": [
                "sha256:9a315ce70049920ea4572a4055bc4bd700c940521d36fc858205ad4fcde149bf",
                "sha256:c23ad23c521d818955a4151a67d81580319d4bf548d3d49f4223ae041ff98891"
            ],
            "markers": "python_version >= '3.1'",
            "version": "==4.10.0"
        },
        "blinker": {
            "hashes": [
                "sha256:471aee25f3992bd325afa3772f1063dbdbbca947a041b8b89466dc00d606f8b6"
            ],
            "version": "==1.4"
        },
        "certifi": {
            "hashes": [
                "sha256:2bbf76fd432960138b3ef6dda3dde0544f27cbf8546c458e60baf371917ba9ee",
                "sha256:50b1e4f8446b06f41be7dd6338db18e0990601dce795c2b1686458aa7e8fa7d8"
            ],
            "version": "==2021.5.30"
        },
        "click": {
            "hashes": [
                "sha256:8c04c11192119b1ef78ea049e0a6f0463e4c48ef00a30160c704337586f3ad7a",
                "sha256:fba402a4a47334742d782209a7c79bc448911afe1149d07bdabdf480b3e2f4b6"
            ],
            "markers": "python_version >= '3.6'",
            "version": "==8.0.1"
        },
        "dependency-injector": {
            "hashes": [
                "sha256:01dfc4aaee8bdd6b12e13a052571501eaa2e395c1729f00d956bdf62b34d8436",
                "sha256:06080b49672e53b99974b0e36e25e99c097506b54371cc203c3b44717881b64c",
                "sha256:06e8584879b47d6ca9ab809c5f38c5eca5a29b0821d610462e22c3a7efe06546",
                "sha256:0b48f300dc5eb3d6415d9baaea1a783b261fca6d8cd9cf80fb2665fb27818fb3",
                "sha256:0ebcd4051f5610eeeff62554124f8823ca420a90b08dc3a946e8654a13fb7569",
                "sha256:11878ea702897b0c5f7cd4e80b2333106696625e923870efd4f8e6aee0b76fd0",
                "sha256:137ba5afac16506d2f9fe893f875b33dc6ab559feb1202c939a69fa3a929e7a1",
                "sha256:17668003e34afa96a538d23dfc16ce730aa4d04ed7ac8cfd2a252f12f56bd083",
                "sha256:17cb9786e1201041c903ebcc1c6743f999d00dbc4b2bbb8b0b46b84e2425c30b",
                "sha256:1ac471c4883da871e327c97ce6cb4f2465fe4ed39f5a866661b33f400763f4d6",
                "sha256:1b0ccff3a2af64e21099f3e22423ffef7000d332a541452ddae6ab7316c408fe",
                "sha256:20588e57dd761fe23af09087a14d0b3a732d83d9e3da988f6d8c87a94b601073",
                "sha256:21ed6b93be233fb4b46c094a3ba260f5c6f852ea2c4c01578fb097a640403783",
                "sha256:2e148d796ac1e232ff0eac7e01c007bd2f242ccc48607fb1b4c3b37aac26a61a",
                "sha256:2ee2a37086cba31e43641040483f1c2b00a7dd2f63e892f64988f7a71a3fc4eb",
                "sha256:2ff603505bc61a622410055c0a92076d7f2ea95699b3a11ad0ad29269c44aa7a",
                "sha256:3464be739ebba073178603a838aa666960aac641315b8e5fbc7d97cb14ae3f7f",
                "sha256:350534eff52e5c1808e7b090db5c49bac542a5e2708a07930e6a125729164a64",
                "sha256:38b4fec1f1992d340a8c45e79b422aca3d94c16929a2f000594c437ecef253fe",
                "sha256:4104375d684b557c64d8ce7350bae5d0f93c172d7b06640cf40b689f00faf74b",
                "sha256:413289f9890ab40bf9e053bb08ea956f6c33e6f6052a3607a85c298f713b832d",
                "sha256:4598e854e5c2721c2afa4da580c73e2e6ffc5322e71546ade6eb1c0e9c529b6e",
                "sha256:460f914fd0db486799e557daf294b8679656fe856c9dd015b5b219efa1a9e517",
                "sha256:469434029eef09e3efcabaa866f8b92e825dcfe55a417a514833586838c583a9",
                "sha256:4c17c2caf5587652ba084d118c81c90f363fc18bbedeb17e5014be8e995bb245",
                "sha256:50a19b90575820b75ae9a353d0bdaa5f5ec185e00bc1086eccb70e5171f841b4",
                "sha256:52055e6026893945b5ddc1873e09b3bd6d1cda56e164bcaf75285527ee3b8114",
                "sha256:55776ffd8247895f6adacb4a49133209af007723d3fd835d65d13f3979ff8971",
                "sha256:578f1ae80448950dd7198a77797060baf5ce5a586e41dd1e199aab7b25f46de8",
                "sha256:6abf2fe5bc1fc49a90f7319ad699565f4606b314a0c549fa5642d96c9bd0c4b3",
                "sha256:6c6057d04a691cefbff0d08bcb29c5b007c8d9c778c371f0f42ee4164119a95c",
                "sha256:6d29e4663b7f32b344fbb89d300997ce2ded092c00b579ff9af790fb4f280d7b",
                "sha256:6eaafd241ed533a5a4a9c9551e900bfd949d966eed6cb5c408d3e27680ea8b39",
                "sha256:705c3b830f7234d07183fe7b1eed15ec2178f80fcb8698c0225882bb803758ca",
                "sha256:73541fafdb842814fb57a1986dd2c7ba725e148c0f1b2f1efa5c0625db54d422",
                "sha256:745ebc717dc5196c97c7d2e0592fea4100d047aed3bcc7ee16bfde1bc012dbac",
                "sha256:74cbcdf0399d5a56c92f95c13dfd4ec88996de98a59e4fe18f1561e95e073804",
                "sha256:767c0e167af67f1301ca4a73777b732416f91a5e7c750ac5206cacbf3b9b913e",
                "sha256:7e4b517e71498916fdb6310809cb4ea294abee6c1cec9c3e6e663ef84ea87b5d",
                "sha256:8456c0898d0295c33d9286cc596320a23c9b6785bd87eeddaaf084933ac86ed3",
                "sha256:86f3eee745889a0acac0304065071bdefa61f74697f2ac5871f1b6287a677b2b",
                "sha256:888666726461bf2f4a320ff5a36ebc1422da06d9c6fddfe4ccd025d04fb12ffc",
                "sha256:a05781f827ad8ab5d7b89279886459ffdb0ac9692ba556fc30730f1e5b86bcd5",
                "sha256:a3c4172c2fc3a844fd167b66866a0eddd416ae34195243e63cedd7c71cd52911",
                "sha256:a42bf52a7d3b70eb038972dfbb14bf84303eeed3e54a2f88112e52756edc26a9",
                "sha256:a5f6090062c7d19947a65fad932f37992cc8a8558d375f040322b72b244a135f",
                "sha256:a9502d2530cdf284fe9df87a779ceee7711c6b1cb742e2f972aa59c6ce4c7878",
                "sha256:a9b3f202da30c3ba455d54cf061e885d9e8c59c84f523b6fffeff520122778d9",
                "sha256:b3d88af3377b1feb805723fb13f645f7a1a7800497f896098ac370f25390a6a0",
                "sha256:ba13d419d4364851dfc5fbf5ee685d851a42542f67f62a5ede1c1bc164cd6369",
                "sha256:c119ca48cf2849e0146bdd06e628998a83d7d859ba94d3ae7c76ebc5897ea1e5",
                "sha256:c12f666cacb297154348e701cf302a9dff0d6d7b57ab54714bb2328e1de0495e",
                "sha256:c27c049d9f81dd4936cb3cfd2c1e29f6dec93717cc5d9825073e4b3cb704b7c9",
                "sha256:c45e78ba34a908cbedb5cb69fc1724762a025ed464c4c9f96c4df6caa4ba9d9d",
                "sha256:c4edb61749149ab34248c055f06407a1a66e26b423c57107cc167a28ad85b7ab",
                "sha256:c7c1a0477529e09f6da2ed86496be39543509dec1f1045564b895e65f90a58ab",
                "sha256:c8781866cde6e25bae90b37a89ec4c5ea7c62f1d1d7437a780dc6a55b17db354",
                "sha256:c992d332eadd32d8a14378147cc288273c97a5b28e82aadae27a1521b18c2db4",
                "sha256:d95152477583d4b081bd4965398277eb73b736b94f97f23d65f3a5e0ed98ed5f",
                "sha256:f457748495a1291d698bd51be75866e23e0e6ac29be91f49cb5609cd808a242d",
                "sha256:f7dc2aa1628ce1a8d14a08c7d60af5027aa1f2dbc1ff500ae2c16fd6b2a64ec3",
                "sha256:ff58262c852e0b6bb7bba4bb7966dbf4a513125e1f95fda6219c2f16a1df49a5"
            ],
            "index": "pypi",
            "version": "==4.36.0"
        },
        "flask": {
            "hashes": [
                "sha256:4efa1ae2d7c9865af48986de8aeb8504bf32c7f3d6fdc9353d34b21f4b127060",
                "sha256:8a4fdd8936eba2512e9c85df320a37e694c93945b33ef33c89946a340a238557"
            ],
            "index": "pypi",
            "version": "==1.1.2"
        },
        "flask-cors": {
            "hashes": [
                "sha256:74efc975af1194fc7891ff5cd85b0f7478be4f7f59fe158102e91abb72bb4438",
                "sha256:b60839393f3b84a0f3746f6cdca56c1ad7426aa738b70d6c61375857823181de"
            ],
            "index": "pypi",
            "version": "==3.0.10"
        },
        "flask-jwt-extended": {
            "hashes": [
                "sha256:6e2b40d548b9dfc6051740c4552c097ac38e514e500c16c682d9a533d17ca418",
                "sha256:80d06d3893089824659c26d0cb261999a12f425a66f09c3685f993065bc47b3a"
            ],
            "index": "pypi",
            "version": "==4.3.0"
        },
        "flask-sqlalchemy": {
            "hashes": [
                "sha256:2bda44b43e7cacb15d4e05ff3cc1f8bc97936cc464623424102bfc2c35e95912",
                "sha256:f12c3d4cc5cc7fdcc148b9527ea05671718c3ea45d50c7e732cceb33f574b390"
            ],
            "index": "pypi",
            "version": "==2.5.1"
        },
        "greenlet": {
            "hashes": [
                "sha256:04e1849c88aa56584d4a0a6e36af5ec7cc37993fdc1fda72b56aa1394a92ded3",
                "sha256:05e72db813c28906cdc59bd0da7c325d9b82aa0b0543014059c34c8c4ad20e16",
                "sha256:07e6d88242e09b399682b39f8dfa1e7e6eca66b305de1ff74ed9eb1a7d8e539c",
                "sha256:090126004c8ab9cd0787e2acf63d79e80ab41a18f57d6448225bbfcba475034f",
                "sha256:1796f2c283faab2b71c67e9b9aefb3f201fdfbee5cb55001f5ffce9125f63a45",
                "sha256:2f89d74b4f423e756a018832cd7a0a571e0a31b9ca59323b77ce5f15a437629b",
                "sha256:34e6675167a238bede724ee60fe0550709e95adaff6a36bcc97006c365290384",
                "sha256:3e594015a2349ec6dcceda9aca29da8dc89e85b56825b7d1f138a3f6bb79dd4c",
                "sha256:3f8fc59bc5d64fa41f58b0029794f474223693fd00016b29f4e176b3ee2cfd9f",
                "sha256:3fc6a447735749d651d8919da49aab03c434a300e9f0af1c886d560405840fd1",
                "sha256:40abb7fec4f6294225d2b5464bb6d9552050ded14a7516588d6f010e7e366dcc",
                "sha256:44556302c0ab376e37939fd0058e1f0db2e769580d340fb03b01678d1ff25f68",
                "sha256:476ba9435afaead4382fbab8f1882f75e3fb2285c35c9285abb3dd30237f9142",
                "sha256:4870b018ca685ff573edd56b93f00a122f279640732bb52ce3a62b73ee5c4a92",
                "sha256:4adaf53ace289ced90797d92d767d37e7cdc29f13bd3830c3f0a561277a4ae83",
                "sha256:4eae94de9924bbb4d24960185363e614b1b62ff797c23dc3c8a7c75bbb8d187e",
                "sha256:5317701c7ce167205c0569c10abc4bd01c7f4cf93f642c39f2ce975fa9b78a3c",
                "sha256:5c3b735ccf8fc8048664ee415f8af5a3a018cc92010a0d7195395059b4b39b7d",
                "sha256:5cde7ee190196cbdc078511f4df0be367af85636b84d8be32230f4871b960687",
                "sha256:655ab836324a473d4cd8cf231a2d6f283ed71ed77037679da554e38e606a7117",
                "sha256:6ce9d0784c3c79f3e5c5c9c9517bbb6c7e8aa12372a5ea95197b8a99402aa0e6",
                "sha256:6e0696525500bc8aa12eae654095d2260db4dc95d5c35af2b486eae1bf914ccd",
                "sha256:75ff270fd05125dce3303e9216ccddc541a9e072d4fc764a9276d44dee87242b",
                "sha256:8039f5fe8030c43cd1732d9a234fdcbf4916fcc32e21745ca62e75023e4d4649",
                "sha256:84488516639c3c5e5c0e52f311fff94ebc45b56788c2a3bfe9cf8e75670f4de3",
                "sha256:84782c80a433d87530ae3f4b9ed58d4a57317d9918dfcc6a59115fa2d8731f2c",
                "sha256:8ddb38fb6ad96c2ef7468ff73ba5c6876b63b664eebb2c919c224261ae5e8378",
                "sha256:98b491976ed656be9445b79bc57ed21decf08a01aaaf5fdabf07c98c108111f6",
                "sha256:990e0f5e64bcbc6bdbd03774ecb72496224d13b664aa03afd1f9b171a3269272",
                "sha256:9b02e6039eafd75e029d8c58b7b1f3e450ca563ef1fe21c7e3e40b9936c8d03e",
                "sha256:a11b6199a0b9dc868990456a2667167d0ba096c5224f6258e452bfbe5a9742c5",
                "sha256:a414f8e14aa7bacfe1578f17c11d977e637d25383b6210587c29210af995ef04",
                "sha256:a91ee268f059583176c2c8b012a9fce7e49ca6b333a12bbc2dd01fc1a9783885",
                "sha256:ac991947ca6533ada4ce7095f0e28fe25d5b2f3266ad5b983ed4201e61596acf",
                "sha256:b050dbb96216db273b56f0e5960959c2b4cb679fe1e58a0c3906fa0a60c00662",
                "sha256:b97a807437b81f90f85022a9dcfd527deea38368a3979ccb49d93c9198b2c722",
                "sha256:bad269e442f1b7ffa3fa8820b3c3aa66f02a9f9455b5ba2db5a6f9eea96f56de",
                "sha256:bf3725d79b1ceb19e83fb1aed44095518c0fcff88fba06a76c0891cfd1f36837",
                "sha256:c0f22774cd8294078bdf7392ac73cf00bfa1e5e0ed644bd064fdabc5f2a2f481",
                "sha256:c1862f9f1031b1dee3ff00f1027fcd098ffc82120f43041fe67804b464bbd8a7",
                "sha256:c8d4ed48eed7414ccb2aaaecbc733ed2a84c299714eae3f0f48db085342d5629",
                "sha256:cf31e894dabb077a35bbe6963285d4515a387ff657bd25b0530c7168e48f167f",
                "sha256:d15cb6f8706678dc47fb4e4f8b339937b04eda48a0af1cca95f180db552e7663",
                "sha256:dfcb5a4056e161307d103bc013478892cfd919f1262c2bb8703220adcb986362",
                "sha256:e02780da03f84a671bb4205c5968c120f18df081236d7b5462b380fd4f0b497b",
                "sha256:e2002a59453858c7f3404690ae80f10c924a39f45f6095f18a985a1234c37334",
                "sha256:e22a82d2b416d9227a500c6860cf13e74060cf10e7daf6695cbf4e6a94e0eee4",
                "sha256:e41f72f225192d5d4df81dad2974a8943b0f2d664a2a5cfccdf5a01506f5523c",
                "sha256:f253dad38605486a4590f9368ecbace95865fea0f2b66615d121ac91fd1a1563",
                "sha256:fddfb31aa2ac550b938d952bca8a87f1db0f8dc930ffa14ce05b5c08d27e7fd1"
            ],
            "markers": "python_version >= '3.0' and platform_machine == 'aarch64' or (platform_machine == 'ppc64le' or (platform_machine == 'x86_64' or (platform_machine == 'amd64' or (platform_machine == 'AMD64' or (platform_machine == 'win32' or platform_machine == 'WIN32')))))",
            "version": "==1.1.1"
        },
        "gunicorn": {
            "hashes": [
                "sha256:9dcc4547dbb1cb284accfb15ab5667a0e5d1881cc443e0677b4882a4067a807e",
                "sha256:e0a968b5ba15f8a328fdfd7ab1fcb5af4470c28aaf7e55df02a99bc13138e6e8"
            ],
            "index": "pypi",
            "version": "==20.1.0"
        },
        "iniconfig": {
            "hashes": [
                "sha256:011e24c64b7f47f6ebd835bb12a743f2fbe9a26d4cecaa7f53bc4f35ee9da8b3",
                "sha256:bc3af051d7d14b2ee5ef9969666def0cd1a000e121eaea580d4a313df4b37f32"
            ],
            "version": "==1.1.1"
        },
        "itsdangerous": {
            "hashes": [
                "sha256:5174094b9637652bdb841a3029700391451bd092ba3db90600dea710ba28e97c",
                "sha256:9e724d68fc22902a1435351f84c3fb8623f303fffcc566a4cb952df8c572cff0"
            ],
            "markers": "python_version >= '3.6'",
            "version": "==2.0.1"
        },
        "jinja2": {
            "hashes": [
                "sha256:1f06f2da51e7b56b8f238affdd6b4e2c61e39598a378cc49345bc1bd42a978a4",
                "sha256:703f484b47a6af502e743c9122595cc812b0271f661722403114f71a79d0f5a4"
            ],
            "markers": "python_version >= '3.6'",
            "version": "==3.0.1"
        },
        "lxml": {
            "hashes": [
                "sha256:079f3ae844f38982d156efce585bc540c16a926d4436712cf4baee0cce487a3d",
                "sha256:0fbcf5565ac01dff87cbfc0ff323515c823081c5777a9fc7703ff58388c258c3",
                "sha256:122fba10466c7bd4178b07dba427aa516286b846b2cbd6f6169141917283aae2",
                "sha256:1b38116b6e628118dea5b2186ee6820ab138dbb1e24a13e478490c7db2f326ae",
                "sha256:1b7584d421d254ab86d4f0b13ec662a9014397678a7c4265a02a6d7c2b18a75f",
                "sha256:26e761ab5b07adf5f555ee82fb4bfc35bf93750499c6c7614bd64d12aaa67927",
                "sha256:289e9ca1a9287f08daaf796d96e06cb2bc2958891d7911ac7cae1c5f9e1e0ee3",
                "sha256:2a9d50e69aac3ebee695424f7dbd7b8c6d6eb7de2a2eb6b0f6c7db6aa41e02b7",
                "sha256:3082c518be8e97324390614dacd041bb1358c882d77108ca1957ba47738d9d59",
                "sha256:33bb934a044cf32157c12bfcfbb6649807da20aa92c062ef51903415c704704f",
                "sha256:3439c71103ef0e904ea0a1901611863e51f50b5cd5e8654a151740fde5e1cade",
                "sha256:36108c73739985979bf302006527cf8a20515ce444ba916281d1c43938b8bb96",
                "sha256:39b78571b3b30645ac77b95f7c69d1bffc4cf8c3b157c435a34da72e78c82468",
                "sha256:4289728b5e2000a4ad4ab8da6e1db2e093c63c08bdc0414799ee776a3f78da4b",
                "sha256:4bff24dfeea62f2e56f5bab929b4428ae6caba2d1eea0c2d6eb618e30a71e6d4",
                "sha256:4c61b3a0db43a1607d6264166b230438f85bfed02e8cff20c22e564d0faff354",
                "sha256:542d454665a3e277f76954418124d67516c5f88e51a900365ed54a9806122b83",
                "sha256:5a0a14e264069c03e46f926be0d8919f4105c1623d620e7ec0e612a2e9bf1c04",
                "sha256:5c8c163396cc0df3fd151b927e74f6e4acd67160d6c33304e805b84293351d16",
                "sha256:64812391546a18896adaa86c77c59a4998f33c24788cadc35789e55b727a37f4",
                "sha256:66e575c62792c3f9ca47cb8b6fab9e35bab91360c783d1606f758761810c9791",
                "sha256:6f12e1427285008fd32a6025e38e977d44d6382cf28e7201ed10d6c1698d2a9a",
                "sha256:74f7d8d439b18fa4c385f3f5dfd11144bb87c1da034a466c5b5577d23a1d9b51",
                "sha256:7610b8c31688f0b1be0ef882889817939490a36d0ee880ea562a4e1399c447a1",
                "sha256:76fa7b1362d19f8fbd3e75fe2fb7c79359b0af8747e6f7141c338f0bee2f871a",
                "sha256:7728e05c35412ba36d3e9795ae8995e3c86958179c9770e65558ec3fdfd3724f",
                "sha256:8157dadbb09a34a6bd95a50690595e1fa0af1a99445e2744110e3dca7831c4ee",
                "sha256:820628b7b3135403540202e60551e741f9b6d3304371712521be939470b454ec",
                "sha256:884ab9b29feaca361f7f88d811b1eea9bfca36cf3da27768d28ad45c3ee6f969",
                "sha256:89b8b22a5ff72d89d48d0e62abb14340d9e99fd637d046c27b8b257a01ffbe28",
                "sha256:92e821e43ad382332eade6812e298dc9701c75fe289f2a2d39c7960b43d1e92a",
                "sha256:b007cbb845b28db4fb8b6a5cdcbf65bacb16a8bd328b53cbc0698688a68e1caa",
                "sha256:bc4313cbeb0e7a416a488d72f9680fffffc645f8a838bd2193809881c67dd106",
                "sha256:bccbfc27563652de7dc9bdc595cb25e90b59c5f8e23e806ed0fd623755b6565d",
                "sha256:c1a40c06fd5ba37ad39caa0b3144eb3772e813b5fb5b084198a985431c2f1e8d",
                "sha256:c47ff7e0a36d4efac9fd692cfa33fbd0636674c102e9e8d9b26e1b93a94e7617",
                "sha256:c4f05c5a7c49d2fb70223d0d5bcfbe474cf928310ac9fa6a7c6dddc831d0b1d4",
                "sha256:cdaf11d2bd275bf391b5308f86731e5194a21af45fbaaaf1d9e8147b9160ea92",
                "sha256:ce256aaa50f6cc9a649c51be3cd4ff142d67295bfc4f490c9134d0f9f6d58ef0",
                "sha256:d2e35d7bf1c1ac8c538f88d26b396e73dd81440d59c1ef8522e1ea77b345ede4",
                "sha256:d916d31fd85b2f78c76400d625076d9124de3e4bda8b016d25a050cc7d603f24",
                "sha256:df7c53783a46febb0e70f6b05df2ba104610f2fb0d27023409734a3ecbb78fb2",
                "sha256:e1cbd3f19a61e27e011e02f9600837b921ac661f0c40560eefb366e4e4fb275e",
                "sha256:efac139c3f0bf4f0939f9375af4b02c5ad83a622de52d6dfa8e438e8e01d0eb0",
                "sha256:efd7a09678fd8b53117f6bae4fa3825e0a22b03ef0a932e070c0bdbb3a35e654",
                "sha256:f2380a6376dfa090227b663f9678150ef27543483055cc327555fb592c5967e2",
                "sha256:f8380c03e45cf09f8557bdaa41e1fa7c81f3ae22828e1db470ab2a6c96d8bc23",
                "sha256:f90ba11136bfdd25cae3951af8da2e95121c9b9b93727b1b896e3fa105b2f586"
            ],
            "markers": "python_version >= '2.7' and python_version not in '3.0, 3.1, 3.2, 3.3, 3.4'",
            "version": "==4.6.3"
        },
        "markupsafe": {
            "hashes": [
                "sha256:01a9b8ea66f1658938f65b93a85ebe8bc016e6769611be228d797c9d998dd298",
                "sha256:023cb26ec21ece8dc3907c0e8320058b2e0cb3c55cf9564da612bc325bed5e64",
                "sha256:0446679737af14f45767963a1a9ef7620189912317d095f2d9ffa183a4d25d2b",
                "sha256:0717a7390a68be14b8c793ba258e075c6f4ca819f15edfc2a3a027c823718567",
                "sha256:0955295dd5eec6cb6cc2fe1698f4c6d84af2e92de33fbcac4111913cd100a6ff",
                "sha256:0d4b31cc67ab36e3392bbf3862cfbadac3db12bdd8b02a2731f509ed5b829724",
                "sha256:10f82115e21dc0dfec9ab5c0223652f7197feb168c940f3ef61563fc2d6beb74",
                "sha256:168cd0a3642de83558a5153c8bd34f175a9a6e7f6dc6384b9655d2697312a646",
                "sha256:1d609f577dc6e1aa17d746f8bd3c31aa4d258f4070d61b2aa5c4166c1539de35",
                "sha256:1f2ade76b9903f39aa442b4aadd2177decb66525062db244b35d71d0ee8599b6",
                "sha256:2a7d351cbd8cfeb19ca00de495e224dea7e7d919659c2841bbb7f420ad03e2d6",
                "sha256:2d7d807855b419fc2ed3e631034685db6079889a1f01d5d9dac950f764da3dad",
                "sha256:2ef54abee730b502252bcdf31b10dacb0a416229b72c18b19e24a4509f273d26",
                "sha256:36bc903cbb393720fad60fc28c10de6acf10dc6cc883f3e24ee4012371399a38",
                "sha256:37205cac2a79194e3750b0af2a5720d95f786a55ce7df90c3af697bfa100eaac",
                "sha256:3c112550557578c26af18a1ccc9e090bfe03832ae994343cfdacd287db6a6ae7",
                "sha256:3dd007d54ee88b46be476e293f48c85048603f5f516008bee124ddd891398ed6",
                "sha256:47ab1e7b91c098ab893b828deafa1203de86d0bc6ab587b160f78fe6c4011f75",
                "sha256:49e3ceeabbfb9d66c3aef5af3a60cc43b85c33df25ce03d0031a608b0a8b2e3f",
                "sha256:4efca8f86c54b22348a5467704e3fec767b2db12fc39c6d963168ab1d3fc9135",
                "sha256:53edb4da6925ad13c07b6d26c2a852bd81e364f95301c66e930ab2aef5b5ddd8",
                "sha256:5855f8438a7d1d458206a2466bf82b0f104a3724bf96a1c781ab731e4201731a",
                "sha256:594c67807fb16238b30c44bdf74f36c02cdf22d1c8cda91ef8a0ed8dabf5620a",
                "sha256:5bb28c636d87e840583ee3adeb78172efc47c8b26127267f54a9c0ec251d41a9",
                "sha256:60bf42e36abfaf9aff1f50f52644b336d4f0a3fd6d8a60ca0d054ac9f713a864",
                "sha256:611d1ad9a4288cf3e3c16014564df047fe08410e628f89805e475368bd304914",
                "sha256:6557b31b5e2c9ddf0de32a691f2312a32f77cd7681d8af66c2692efdbef84c18",
                "sha256:693ce3f9e70a6cf7d2fb9e6c9d8b204b6b39897a2c4a1aa65728d5ac97dcc1d8",
                "sha256:6a7fae0dd14cf60ad5ff42baa2e95727c3d81ded453457771d02b7d2b3f9c0c2",
                "sha256:6c4ca60fa24e85fe25b912b01e62cb969d69a23a5d5867682dd3e80b5b02581d",
                "sha256:6fcf051089389abe060c9cd7caa212c707e58153afa2c649f00346ce6d260f1b",
                "sha256:7d91275b0245b1da4d4cfa07e0faedd5b0812efc15b702576d103293e252af1b",
                "sha256:905fec760bd2fa1388bb5b489ee8ee5f7291d692638ea5f67982d968366bef9f",
                "sha256:97383d78eb34da7e1fa37dd273c20ad4320929af65d156e35a5e2d89566d9dfb",
                "sha256:984d76483eb32f1bcb536dc27e4ad56bba4baa70be32fa87152832cdd9db0833",
                "sha256:99df47edb6bda1249d3e80fdabb1dab8c08ef3975f69aed437cb69d0a5de1e28",
                "sha256:a30e67a65b53ea0a5e62fe23682cfe22712e01f453b95233b25502f7c61cb415",
                "sha256:ab3ef638ace319fa26553db0624c4699e31a28bb2a835c5faca8f8acf6a5a902",
                "sha256:add36cb2dbb8b736611303cd3bfcee00afd96471b09cda130da3581cbdc56a6d",
                "sha256:b2f4bf27480f5e5e8ce285a8c8fd176c0b03e93dcc6646477d4630e83440c6a9",
                "sha256:b7f2d075102dc8c794cbde1947378051c4e5180d52d276987b8d28a3bd58c17d",
                "sha256:baa1a4e8f868845af802979fcdbf0bb11f94f1cb7ced4c4b8a351bb60d108145",
                "sha256:be98f628055368795d818ebf93da628541e10b75b41c559fdf36d104c5787066",
                "sha256:bf5d821ffabf0ef3533c39c518f3357b171a1651c1ff6827325e4489b0e46c3c",
                "sha256:c47adbc92fc1bb2b3274c4b3a43ae0e4573d9fbff4f54cd484555edbf030baf1",
                "sha256:d7f9850398e85aba693bb640262d3611788b1f29a79f0c93c565694658f4071f",
                "sha256:d8446c54dc28c01e5a2dbac5a25f071f6653e6e40f3a8818e8b45d790fe6ef53",
                "sha256:e0f138900af21926a02425cf736db95be9f4af72ba1bb21453432a07f6082134",
                "sha256:e9936f0b261d4df76ad22f8fee3ae83b60d7c3e871292cd42f40b81b70afae85",
                "sha256:f5653a225f31e113b152e56f154ccbe59eeb1c7487b39b9d9f9cdb58e6c79dc5",
                "sha256:f826e31d18b516f653fe296d967d700fddad5901ae07c622bb3705955e1faa94",
                "sha256:f8ba0e8349a38d3001fae7eadded3f6606f0da5d748ee53cc1dab1d6527b9509",
                "sha256:f9081981fe268bd86831e5c75f7de206ef275defcb82bc70740ae6dc507aee51",
                "sha256:fa130dd50c57d53368c9d59395cb5526eda596d3ffe36666cd81a44d56e48872"
            ],
            "markers": "python_version >= '3.6'",
            "version": "==2.0.1"
        },
        "more-itertools": {
            "hashes": [
                "sha256:1debcabeb1df793814859d64a81ad7cb10504c24349368ccf214c664c474f41f",
                "sha256:56ddac45541718ba332db05f464bebfb0768110111affd27f66e0051f276fa43"
            ],
            "version": "==8.10.0"
        },
        "mosspy": {
            "hashes": [
                "sha256:7ebae3fc2e84f70a80796fee640fd933511e9da9b5e15920e60e298bb9a785ad"
            ],
            "index": "pypi",
            "version": "==1.0.9"
        },
        "packaging": {
            "hashes": [
                "sha256:7dc96269f53a4ccec5c0670940a4281106dd0bb343f47b7471f779df49c2fbe7",
                "sha256:c86254f9220d55e31cc94d69bade760f0847da8000def4dfe1c6b872fd14ff14"
            ],
            "markers": "python_version >= '3.6'",
            "version": "==21.0"
        },
        "pam": {
            "hashes": [
                "sha256:eb66b7b65d7698fd5f939e1d5d56bd4046c3304af6eb7bb0213340dcb13a117a",
                "sha256:fcec42cee82e164b77fdf70c52117c668645c17d9756b3af66058816a5102401"
            ],
            "index": "pypi",
            "version": "==0.2.0"
        },
        "pluggy": {
            "hashes": [
                "sha256:4224373bacce55f955a878bf9cfa763c1e360858e330072059e10bad68531159",
                "sha256:74134bbf457f031a36d68416e1509f34bd5ccc019f0bcc952c7b909d06b37bd3"
            ],
            "markers": "python_version >= '3.6'",
            "version": "==1.0.0"
        },
        "py": {
            "hashes": [
                "sha256:21b81bda15b66ef5e1a777a21c4dcd9c20ad3efd0b3f817e7a809035269e1bd3",
                "sha256:3b80836aa6d1feeaa108e046da6423ab8f6ceda6468545ae8d02d9d58d18818a"
            ],
            "markers": "python_version >= '2.7' and python_version not in '3.0, 3.1, 3.2, 3.3'",
            "version": "==1.10.0"
        },
        "pyjwt": {
            "hashes": [
                "sha256:934d73fbba91b0483d3857d1aff50e96b2a892384ee2c17417ed3203f173fca1",
                "sha256:fba44e7898bbca160a2b2b501f492824fc8382485d3a6f11ba5d0c1937ce6130"
            ],
            "markers": "python_version >= '3.6'",
            "version": "==2.1.0"
        },
        "pymysql": {
            "hashes": [
                "sha256:41fc3a0c5013d5f039639442321185532e3e2c8924687abe6537de157d403641",
                "sha256:816927a350f38d56072aeca5dfb10221fe1dc653745853d30a216637f5d7ad36"
            ],
            "index": "pypi",
            "version": "==1.0.2"
        },
        "pyparsing": {
            "hashes": [
                "sha256:c203ec8783bf771a155b207279b9bccb8dea02d8f0c9e5f8ead507bc3246ecc1",
                "sha256:ef9d7589ef3c200abe66653d3f1ab1033c3c419ae9b9bdb1240a85b024efc88b"
            ],
            "markers": "python_version >= '2.6' and python_version not in '3.0, 3.1, 3.2, 3.3'",
            "version": "==2.4.7"
        },
        "pytest": {
            "hashes": [
                "sha256:131b36680866a76e6781d13f101efb86cf674ebb9762eb70d3082b6f29889e89",
                "sha256:7310f8d27bc79ced999e760ca304d69f6ba6c6649c0b60fb0e04a4a77cacc134"
            ],
            "markers": "python_version >= '3.6'",
            "version": "==6.2.5"
        },
        "pytest-mock": {
            "hashes": [
                "sha256:30c2f2cc9759e76eee674b81ea28c9f0b94f8f0445a1b87762cadf774f0df7e3",
                "sha256:40217a058c52a63f1042f0784f62009e976ba824c418cced42e88d5f40ab0e62"
            ],
            "index": "pypi",
            "version": "==3.6.1"
        },
        "python-pam": {
            "hashes": [
                "sha256:8439b470b564ac558585b5a3ffce0fce48d1eeebdff19add48279c33de7da0e0",
                "sha256:c856d9c89fedb33951dd8a95727ae57c6887b02d065bbdffd2fd9dbc0183909b"
            ],
            "version": "==1.8.4"
        },
        "pyyaml": {
            "hashes": [
                "sha256:08682f6b72c722394747bddaf0aa62277e02557c0fd1c42cb853016a38f8dedf",
                "sha256:0f5f5786c0e09baddcd8b4b45f20a7b5d61a7e7e99846e3c799b05c7c53fa696",
                "sha256:129def1b7c1bf22faffd67b8f3724645203b79d8f4cc81f674654d9902cb4393",
                "sha256:294db365efa064d00b8d1ef65d8ea2c3426ac366c0c4368d930bf1c5fb497f77",
                "sha256:3b2b1824fe7112845700f815ff6a489360226a5609b96ec2190a45e62a9fc922",
                "sha256:3bd0e463264cf257d1ffd2e40223b197271046d09dadf73a0fe82b9c1fc385a5",
                "sha256:4465124ef1b18d9ace298060f4eccc64b0850899ac4ac53294547536533800c8",
                "sha256:49d4cdd9065b9b6e206d0595fee27a96b5dd22618e7520c33204a4a3239d5b10",
                "sha256:4e0583d24c881e14342eaf4ec5fbc97f934b999a6828693a99157fde912540cc",
                "sha256:5accb17103e43963b80e6f837831f38d314a0495500067cb25afab2e8d7a4018",
                "sha256:607774cbba28732bfa802b54baa7484215f530991055bb562efbed5b2f20a45e",
                "sha256:6c78645d400265a062508ae399b60b8c167bf003db364ecb26dcab2bda048253",
                "sha256:72a01f726a9c7851ca9bfad6fd09ca4e090a023c00945ea05ba1638c09dc3347",
                "sha256:74c1485f7707cf707a7aef42ef6322b8f97921bd89be2ab6317fd782c2d53183",
                "sha256:895f61ef02e8fed38159bb70f7e100e00f471eae2bc838cd0f4ebb21e28f8541",
                "sha256:8c1be557ee92a20f184922c7b6424e8ab6691788e6d86137c5d93c1a6ec1b8fb",
                "sha256:bb4191dfc9306777bc594117aee052446b3fa88737cd13b7188d0e7aa8162185",
                "sha256:bfb51918d4ff3d77c1c856a9699f8492c612cde32fd3bcd344af9be34999bfdc",
                "sha256:c20cfa2d49991c8b4147af39859b167664f2ad4561704ee74c1de03318e898db",
                "sha256:cb333c16912324fd5f769fff6bc5de372e9e7a202247b48870bc251ed40239aa",
                "sha256:d2d9808ea7b4af864f35ea216be506ecec180628aced0704e34aca0b040ffe46",
                "sha256:d483ad4e639292c90170eb6f7783ad19490e7a8defb3e46f97dfe4bacae89122",
                "sha256:dd5de0646207f053eb0d6c74ae45ba98c3395a571a2891858e87df7c9b9bd51b",
                "sha256:e1d4970ea66be07ae37a3c2e48b5ec63f7ba6804bdddfdbd3cfd954d25a82e63",
                "sha256:e4fac90784481d221a8e4b1162afa7c47ed953be40d31ab4629ae917510051df",
                "sha256:fa5ae20527d8e831e8230cbffd9f8fe952815b2b7dae6ffec25318803a7528fc",
                "sha256:fd7f6999a8070df521b6384004ef42833b9bd62cfee11a09bda1079b4b704247",
                "sha256:fdc842473cd33f45ff6bce46aea678a54e3d21f1b61a7750ce3c498eedfe25d6",
                "sha256:fe69978f3f768926cfa37b867e3843918e012cf83f680806599ddce33c2c68b0"
            ],
            "version": "==5.4.1"
        },
        "sentry-sdk": {
            "extras": [
                "flask"
            ],
            "hashes": [
                "sha256:4297555ddc37c7136740e6b547b7d68f5bca0b4832f94ac097e5d531a4c77528",
                "sha256:ea04bc3be6eb082f34ff3f8f6380ea9c691766592298f3f975a435dafac6bf6a"
            ],
            "index": "pypi",
            "version": "==1.4.1"
        },
        "six": {
            "hashes": [
                "sha256:1e61c37477a1626458e36f7b1d82aa5c9b094fa4802892072e49de9c60c4c926",
                "sha256:8abb2f1d86890a2dfb989f9a77cfcfd3e47c2a354b01111771326f8aa26e0254"
            ],
            "markers": "python_version >= '2.7' and python_version not in '3.0, 3.1, 3.2, 3.3'",
            "version": "==1.16.0"
        },
        "soupsieve": {
            "hashes": [
                "sha256:052774848f448cf19c7e959adf5566904d525f33a3f8b6ba6f6f8f26ec7de0cc",
                "sha256:c2c1c2d44f158cdbddab7824a9af8c4f83c76b1e23e049479aa432feb6c4c23b"
            ],
            "markers": "python_version >= '3.6'",
            "version": "==2.2.1"
        },
        "sqlalchemy": {
            "hashes": [
                "sha256:0566a6e90951590c0307c75f9176597c88ef4be2724958ca1d28e8ae05ec8822",
                "sha256:08d9396a2a38e672133266b31ed39b2b1f2b5ec712b5bff5e08033970563316a",
                "sha256:0b08a53e40b34205acfeb5328b832f44437956d673a6c09fce55c66ab0e54916",
                "sha256:16ef07e102d2d4f974ba9b0d4ac46345a411ad20ad988b3654d59ff08e553b1c",
                "sha256:1adf3d25e2e33afbcd48cfad8076f9378793be43e7fec3e4334306cac6bec138",
                "sha256:1b38db2417b9f7005d6ceba7ce2a526bf10e3f6f635c0f163e6ed6a42b5b62b2",
                "sha256:1ebd69365717becaa1b618220a3df97f7c08aa68e759491de516d1c3667bba54",
                "sha256:26b0cd2d5c7ea96d3230cb20acac3d89de3b593339c1447b4d64bfcf4eac1110",
                "sha256:2ed67aae8cde4d32aacbdba4f7f38183d14443b714498eada5e5a7a37769c0b7",
                "sha256:33a1e86abad782e90976de36150d910748b58e02cd7d35680d441f9a76806c18",
                "sha256:41a916d815a3a23cb7fff8d11ad0c9b93369ac074e91e428075e088fe57d5358",
                "sha256:6003771ea597346ab1e97f2f58405c6cacbf6a308af3d28a9201a643c0ac7bb3",
                "sha256:6400b22e4e41cc27623a9a75630b7719579cd9a3a2027bcf16ad5aaa9a7806c0",
                "sha256:6b602e3351f59f3999e9fb8b87e5b95cb2faab6a6ecdb482382ac6fdfbee5266",
                "sha256:75cd5d48389a7635393ff5a9214b90695c06b3d74912109c3b00ce7392b69c6c",
                "sha256:7ad59e2e16578b6c1a2873e4888134112365605b08a6067dd91e899e026efa1c",
                "sha256:7b7778a205f956755e05721eebf9f11a6ac18b2409bff5db53ce5fe7ede79831",
                "sha256:842c49dd584aedd75c2ee05f6c950730c3ffcddd21c5824ed0f820808387e1e3",
                "sha256:90fe429285b171bcc252e21515703bdc2a4721008d1f13aa5b7150336f8a8493",
                "sha256:91cd87d1de0111eaca11ccc3d31af441c753fa2bc22df72e5009cfb0a1af5b03",
                "sha256:9a1df8c93a0dd9cef0839917f0c6c49f46c75810cf8852be49884da4a7de3c59",
                "sha256:9ebe49c3960aa2219292ea2e5df6acdc425fc828f2f3d50b4cfae1692bcb5f02",
                "sha256:a28fe28c359835f3be20c89efd517b35e8f97dbb2ca09c6cf0d9ac07f62d7ef6",
                "sha256:a36ea43919e51b0de0c0bc52bcfdad7683f6ea9fb81b340cdabb9df0e045e0f7",
                "sha256:a505ecc0642f52e7c65afb02cc6181377d833b7df0994ecde15943b18d0fa89c",
                "sha256:a79abdb404d9256afb8aeaa0d3a4bc7d3b6d8b66103d8b0f2f91febd3909976e",
                "sha256:c211e8ec81522ce87b0b39f0cf0712c998d4305a030459a0e115a2b3dc71598f",
                "sha256:dd4ed12a775f2cde4519f4267d3601990a97d8ecde5c944ab06bfd6e8e8ea177",
                "sha256:e37621b37c73b034997b5116678862f38ee70e5a054821c7b19d0e55df270dec",
                "sha256:e93978993a2ad0af43f132be3ea8805f56b2f2cd223403ec28d3e7d5c6d39ed1"
            ],
            "index": "pypi",
            "version": "==1.4.25"
        },
        "tap.py": {
            "extras": [
                "yaml"
            ],
            "hashes": [
                "sha256:a598bfaa2e224d71f2e86147c2ef822c18ff2e1b8ef006397e5056b08f92f699",
                "sha256:f5eeeeebfd64e53d32661752bb4c288589a3babbb96db3f391a4ec29f1359c70"
            ],
            "index": "pypi",
            "version": "==3.0"
        },
        "toml": {
            "hashes": [
                "sha256:806143ae5bfb6a3c6e736a764057db0e6a0e05e338b5630894a5f779cabb4f9b",
                "sha256:b3bda1d108d5dd99f4a20d24d9c348e91c4db7ab1b749200bded2f839ccbe68f"
            ],
            "markers": "python_version >= '2.6' and python_version not in '3.0, 3.1, 3.2, 3.3'",
            "version": "==0.10.2"
        },
        "urllib3": {
            "hashes": [
                "sha256:4987c65554f7a2dbf30c18fd48778ef124af6fab771a377103da0585e2336ece",
                "sha256:c4fdf4019605b6e5423637e01bc9fe4daef873709a7973e195ceba0a62bbc844"
            ],
            "markers": "python_version >= '2.7' and python_version not in '3.0, 3.1, 3.2, 3.3, 3.4' and python_version < '4'",
            "version": "==1.26.7"
        },
        "werkzeug": {
            "hashes": [
                "sha256:2de2a5db0baeae7b2d2664949077c2ac63fbd16d98da0ff71837f7d1dea3fd43",
                "sha256:6c80b1e5ad3665290ea39320b91e1be1e0d5f60652b964a3070216de83d2e47c"
            ],
            "index": "pypi",
            "version": "==1.0.1"
        }
    },
    "develop": {
        "attrs": {
            "hashes": [
                "sha256:149e90d6d8ac20db7a955ad60cf0e6881a3f20d37096140088356da6c716b0b1",
                "sha256:ef6aaac3ca6cd92904cdd0d83f629a15f18053ec84e6432106f7a4d04ae4f5fb"
            ],
            "markers": "python_version >= '2.7' and python_version not in '3.0, 3.1, 3.2, 3.3, 3.4'",
            "version": "==21.2.0"
        },
        "iniconfig": {
            "hashes": [
                "sha256:011e24c64b7f47f6ebd835bb12a743f2fbe9a26d4cecaa7f53bc4f35ee9da8b3",
                "sha256:bc3af051d7d14b2ee5ef9969666def0cd1a000e121eaea580d4a313df4b37f32"
            ],
            "version": "==1.1.1"
        },
        "packaging": {
            "hashes": [
                "sha256:7dc96269f53a4ccec5c0670940a4281106dd0bb343f47b7471f779df49c2fbe7",
                "sha256:c86254f9220d55e31cc94d69bade760f0847da8000def4dfe1c6b872fd14ff14"
            ],
            "markers": "python_version >= '3.6'",
            "version": "==21.0"
        },
        "pluggy": {
            "hashes": [
                "sha256:4224373bacce55f955a878bf9cfa763c1e360858e330072059e10bad68531159",
                "sha256:74134bbf457f031a36d68416e1509f34bd5ccc019f0bcc952c7b909d06b37bd3"
            ],
            "markers": "python_version >= '3.6'",
            "version": "==1.0.0"
        },
        "py": {
            "hashes": [
                "sha256:21b81bda15b66ef5e1a777a21c4dcd9c20ad3efd0b3f817e7a809035269e1bd3",
                "sha256:3b80836aa6d1feeaa108e046da6423ab8f6ceda6468545ae8d02d9d58d18818a"
            ],
            "markers": "python_version >= '2.7' and python_version not in '3.0, 3.1, 3.2, 3.3'",
            "version": "==1.10.0"
        },
        "pyparsing": {
            "hashes": [
                "sha256:c203ec8783bf771a155b207279b9bccb8dea02d8f0c9e5f8ead507bc3246ecc1",
                "sha256:ef9d7589ef3c200abe66653d3f1ab1033c3c419ae9b9bdb1240a85b024efc88b"
            ],
            "markers": "python_version >= '2.6' and python_version not in '3.0, 3.1, 3.2, 3.3'",
            "version": "==2.4.7"
        },
        "pytest": {
            "hashes": [
                "sha256:131b36680866a76e6781d13f101efb86cf674ebb9762eb70d3082b6f29889e89",
                "sha256:7310f8d27bc79ced999e760ca304d69f6ba6c6649c0b60fb0e04a4a77cacc134"
            ],
            "markers": "python_version >= '3.6'",
            "version": "==6.2.5"
        },
        "toml": {
            "hashes": [
                "sha256:806143ae5bfb6a3c6e736a764057db0e6a0e05e338b5630894a5f779cabb4f9b",
                "sha256:b3bda1d108d5dd99f4a20d24d9c348e91c4db7ab1b749200bded2f839ccbe68f"
            ],
            "markers": "python_version >= '2.6' and python_version not in '3.0, 3.1, 3.2, 3.3'",
            "version": "==0.10.2"
        }
    }
}
