{
    "_meta": {
        "hash": {
            "sha256": "ff96dba03930cceaa8c9e8370a1f256d6627c38758c5c76238f92d2c965c8469"
        },
        "pipfile-spec": 6,
        "requires": {
            "python_version": "3.10"
        },
        "sources": [
            {
                "name": "pypi",
                "url": "https://pypi.org/simple",
                "verify_ssl": true
            }
        ]
    },
    "default": {
        "attrs": {
            "hashes": [
                "sha256:29adc2665447e5191d0e7c568fde78b21f9672d344281d0c6e1ab085429b22b6",
                "sha256:86efa402f67bf2df34f51a335487cf46b1ec130d02b8d39fd248abfd30da551c"
            ],
            "markers": "python_version >= '3.5'",
            "version": "==22.1.0"
        },
        "beautifulsoup4": {
            "hashes": [
                "sha256:58d5c3d29f5a36ffeb94f02f0d786cd53014cf9b3b3951d42e0080d8a9498d30",
                "sha256:ad9aa55b65ef2808eb405f46cf74df7fcb7044d5cbc26487f96eb2ef2e436693"
            ],
            "markers": "python_full_version >= '3.6.0'",
            "version": "==4.11.1"
        },
        "blinker": {
            "hashes": [
                "sha256:1eb563df6fdbc39eeddc177d953203f99f097e9bf0e2b8f9f3cf18b6ca425e36",
                "sha256:923e5e2f69c155f2cc42dafbbd70e16e3fde24d2d4aa2ab72fbe386238892462"
            ],
            "version": "==1.5"
        },
        "certifi": {
            "hashes": [
                "sha256:0d9c601124e5a6ba9712dbc60d9c53c21e34f5f641fe83002317394311bdce14",
                "sha256:90c1a32f1d68f940488354e36370f6cca89f0f106db09518524c88d6ed83f382"
            ],
            "markers": "python_version >= '3.6'",
            "version": "==2022.9.24"
        },
        "click": {
            "hashes": [
                "sha256:7682dc8afb30297001674575ea00d1814d808d6a36af415a82bd481d37ba7b8e",
                "sha256:bb4d8133cb15a609f44e8213d9b391b0809795062913b383c62be0ee95b1db48"
            ],
            "markers": "python_version >= '3.7'",
            "version": "==8.1.3"
        },
        "dependency-injector": {
            "hashes": [
                "sha256:1538204baac86285c3a8d13add1a1cdb98542df95bbfc5393b1e0a85ffdf25c5",
                "sha256:1fd8b34214d86c26c8e3d397552f99cb6479d7f1973fb94cbad0c03f5b854701",
                "sha256:25b6a227f047afda50c187189d7e9757bad1d7fc25874684874a4374b2340fbf",
                "sha256:3c7faacb6cad7950ea140ce2b9a02c2dc830e6e93c8bdbbb3cc3a4f6ffd83737",
                "sha256:4f925bccdcbcfb19a5a7f0c16159eaf44fb9ed40d84c2e321febee587c9964dd",
                "sha256:5a0df52eacf8c1085d8509f62f1ff44eb13f326557da2570f2f5bf7015d43f95",
                "sha256:628b8b70620f73f4d9dc8dcea827797b1d4bf8aaf76e76fbc9d97d9ed4b7035b",
                "sha256:62b0434f23652fa6633c33e8543a16a9a5430b0bb4a40016c74369a2f94393bb",
                "sha256:6ec48de79c2b1e1e1685a5a639950580eee67b536bd83313bb19eaead01ea344",
                "sha256:8116120099912d3427ff7dc9a281ba9ddbb4fd2c48663712075c8900ab57a742",
                "sha256:82effefc5c4621a257a3a63e35eb5ff1e05b897e1d20731aacd065abbf2bb6e1",
                "sha256:852f2ae9b8842d849d4773c8e16cdc37a5ffcbe4b2f5d75b78ce26d0ff6d98e2",
                "sha256:8af184cfe77c0338262bad4d8efb2bd3db08ea3a8825028ba01d8cb9248d109d",
                "sha256:8f18a50f2716df9078a91d588ac9b1a88f6e01a57e438e691280ebc566ecfcd4",
                "sha256:a1d43d3f9c7aa03e30ee71ae81a314c08836a6f2dabc38ae256e524faf31ad16",
                "sha256:a73bc8a8ca07b30b5e5e8de9773fcb9fd3391b589df6416f0961e8bfc54d486c",
                "sha256:ab9253032af3f3c9512a84dee0abfdc2068ba2734afeba713743d98e1a1f6276",
                "sha256:b0ef567ebc16b7b0cc0ec37acde94836934db2f6fbfdbbd4238362099233d50b",
                "sha256:b692be694dbb9e5231468f1e67bdc60df4a3c00ce4dd313571f58056f2d7d976",
                "sha256:b718a1b975be30da993a10b51ad80b925f5425f990d6f7643accb6f32182a47d",
                "sha256:b91f369c01f73c4a70dd2a79ee34387daec68535c9535310a32aa67b867f7df9",
                "sha256:bb73c1119583477805bb4561e9624e62742259f415deaeb09a458bc42bde01b9",
                "sha256:be69661dd7f0a892776986c870b24a03023d3bea9c822e3bbb03c49c72e84c9e",
                "sha256:c269a82176e93dd7492cc57c2e260450f2c1c780ff7a689657dc7e3d64b09090",
                "sha256:c28b85cac61994ebd28c1c67eaf2efe471ab2f4eb18469fde44b19bc9a6f0d11",
                "sha256:c3060477952474917803acb3c9bc52922cbe96fa086439b9ccc9862bc47f0f1d",
                "sha256:cca31ae1d48465f2404352c3d3fe55241a6b276a28c92721715c961e6a041463",
                "sha256:cf93024a4cddc9639cdda90e7289d8bc65db2bb4425e09b5f63958e78315f563",
                "sha256:d5e7793660cfd5dc247776e3a0b696bf783fa0b082b1a0759228a8f443cb528d",
                "sha256:d5ec5b70fcd50f738eb726acea2b6cbefb4a492eb06f63f76555f52aeb0d5e52",
                "sha256:e3c8b2af39db0b8f3baeffea30f773e432eee548363f2e80a78b710428e90e84",
                "sha256:e43e7cd467e3560572d3541e3d09c331d1f19647c31b8b51a47fcfcd7336e37d",
                "sha256:e657827b11d71ab715a67e2ae72eb48b879b817b78344612a07f14a0e38605d7",
                "sha256:e838b2b8a62af8b58b18c9f70830b374c45dc4bc260b1a21759619e15aed2148",
                "sha256:e9b35e5c23619c1fa18f6e21b1d3723f26bfbe3b2cd53a0fff2c7b491214e7bd",
                "sha256:f40684c54bb9ed68322fcfff6e5aaa3c21812cc613f5426a379c0b02a6ee86b3"
            ],
            "index": "pypi",
            "version": "==4.40.0"
        },
        "flask": {
            "hashes": [
                "sha256:642c450d19c4ad482f96729bd2a8f6d32554aa1e231f4f6b4e7e5264b16cca2b",
                "sha256:b9c46cc36662a7949f34b52d8ec7bb59c0d74ba08ba6cb9ce9adc1d8676d9526"
            ],
            "index": "pypi",
            "version": "==2.2.2"
        },
        "flask-cors": {
            "hashes": [
                "sha256:74efc975af1194fc7891ff5cd85b0f7478be4f7f59fe158102e91abb72bb4438",
                "sha256:b60839393f3b84a0f3746f6cdca56c1ad7426aa738b70d6c61375857823181de"
            ],
            "index": "pypi",
            "version": "==3.0.10"
        },
        "flask-jwt-extended": {
            "hashes": [
                "sha256:62b521d75494c290a646ae8acc77123721e4364790f1e64af0038d823961fbf0",
                "sha256:a85eebfa17c339a7260c4643475af444784ba6de5588adda67406f0a75599553"
            ],
            "index": "pypi",
            "version": "==4.4.4"
        },
        "flask-sqlalchemy": {
            "hashes": [
                "sha256:16199f5b3ddfb69e0df2f52ae4c76aedbfec823462349dabb21a1b2e0a2b65e9",
                "sha256:7d0cd9cf73e64a996bb881a1ebd01633fc5a6d11c36ea27f7b5e251dc45476e7"
            ],
            "index": "pypi",
            "version": "==3.0.2"
        },
        "greenlet": {
            "hashes": [
                "sha256:0120a879aa2b1ac5118bce959ea2492ba18783f65ea15821680a256dfad04754",
                "sha256:025b8de2273d2809f027d347aa2541651d2e15d593bbce0d5f502ca438c54136",
                "sha256:05ae7383f968bba4211b1fbfc90158f8e3da86804878442b4fb6c16ccbcaa519",
                "sha256:0914f02fcaa8f84f13b2df4a81645d9e82de21ed95633765dd5cc4d3af9d7403",
                "sha256:0971d37ae0eaf42344e8610d340aa0ad3d06cd2eee381891a10fe771879791f9",
                "sha256:0a954002064ee919b444b19c1185e8cce307a1f20600f47d6f4b6d336972c809",
                "sha256:0aa1845944e62f358d63fcc911ad3b415f585612946b8edc824825929b40e59e",
                "sha256:104f29dd822be678ef6b16bf0035dcd43206a8a48668a6cae4d2fe9c7a7abdeb",
                "sha256:11fc7692d95cc7a6a8447bb160d98671ab291e0a8ea90572d582d57361360f05",
                "sha256:17a69967561269b691747e7f436d75a4def47e5efcbc3c573180fc828e176d80",
                "sha256:2794eef1b04b5ba8948c72cc606aab62ac4b0c538b14806d9c0d88afd0576d6b",
                "sha256:2c6e942ca9835c0b97814d14f78da453241837419e0d26f7403058e8db3e38f8",
                "sha256:2ccdc818cc106cc238ff7eba0d71b9c77be868fdca31d6c3b1347a54c9b187b2",
                "sha256:325f272eb997916b4a3fc1fea7313a8adb760934c2140ce13a2117e1b0a8095d",
                "sha256:39464518a2abe9c505a727af7c0b4efff2cf242aa168be5f0daa47649f4d7ca8",
                "sha256:3a24f3213579dc8459e485e333330a921f579543a5214dbc935bc0763474ece3",
                "sha256:3aeac044c324c1a4027dca0cde550bd83a0c0fbff7ef2c98df9e718a5086c194",
                "sha256:3c22998bfef3fcc1b15694818fc9b1b87c6cc8398198b96b6d355a7bcb8c934e",
                "sha256:467b73ce5dcd89e381292fb4314aede9b12906c18fab903f995b86034d96d5c8",
                "sha256:4a8b58232f5b72973350c2b917ea3df0bebd07c3c82a0a0e34775fc2c1f857e9",
                "sha256:4f74aa0092602da2069df0bc6553919a15169d77bcdab52a21f8c5242898f519",
                "sha256:5662492df0588a51d5690f6578f3bbbd803e7f8d99a99f3bf6128a401be9c269",
                "sha256:5c2d21c2b768d8c86ad935e404cc78c30d53dea009609c3ef3a9d49970c864b5",
                "sha256:5edf75e7fcfa9725064ae0d8407c849456553a181ebefedb7606bac19aa1478b",
                "sha256:60839ab4ea7de6139a3be35b77e22e0398c270020050458b3d25db4c7c394df5",
                "sha256:62723e7eb85fa52e536e516ee2ac91433c7bb60d51099293671815ff49ed1c21",
                "sha256:64e10f303ea354500c927da5b59c3802196a07468332d292aef9ddaca08d03dd",
                "sha256:66aa4e9a726b70bcbfcc446b7ba89c8cec40f405e51422c39f42dfa206a96a05",
                "sha256:695d0d8b5ae42c800f1763c9fce9d7b94ae3b878919379150ee5ba458a460d57",
                "sha256:70048d7b2c07c5eadf8393e6398595591df5f59a2f26abc2f81abca09610492f",
                "sha256:7afa706510ab079fd6d039cc6e369d4535a48e202d042c32e2097f030a16450f",
                "sha256:7cf37343e43404699d58808e51f347f57efd3010cc7cee134cdb9141bd1ad9ea",
                "sha256:8149a6865b14c33be7ae760bcdb73548bb01e8e47ae15e013bf7ef9290ca309a",
                "sha256:814f26b864ed2230d3a7efe0336f5766ad012f94aad6ba43a7c54ca88dd77cba",
                "sha256:82a38d7d2077128a017094aff334e67e26194f46bd709f9dcdacbf3835d47ef5",
                "sha256:83a7a6560df073ec9de2b7cb685b199dfd12519bc0020c62db9d1bb522f989fa",
                "sha256:8415239c68b2ec9de10a5adf1130ee9cb0ebd3e19573c55ba160ff0ca809e012",
                "sha256:88720794390002b0c8fa29e9602b395093a9a766b229a847e8d88349e418b28a",
                "sha256:890f633dc8cb307761ec566bc0b4e350a93ddd77dc172839be122be12bae3e10",
                "sha256:8926a78192b8b73c936f3e87929931455a6a6c6c385448a07b9f7d1072c19ff3",
                "sha256:8c0581077cf2734569f3e500fab09c0ff6a2ab99b1afcacbad09b3c2843ae743",
                "sha256:8fda1139d87ce5f7bd80e80e54f9f2c6fe2f47983f1a6f128c47bf310197deb6",
                "sha256:91a84faf718e6f8b888ca63d0b2d6d185c8e2a198d2a7322d75c303e7097c8b7",
                "sha256:924df1e7e5db27d19b1359dc7d052a917529c95ba5b8b62f4af611176da7c8ad",
                "sha256:949c9061b8c6d3e6e439466a9be1e787208dec6246f4ec5fffe9677b4c19fcc3",
                "sha256:9649891ab4153f217f319914455ccf0b86986b55fc0573ce803eb998ad7d6854",
                "sha256:96656c5f7c95fc02c36d4f6ef32f4e94bb0b6b36e6a002c21c39785a4eec5f5d",
                "sha256:a812df7282a8fc717eafd487fccc5ba40ea83bb5b13eb3c90c446d88dbdfd2be",
                "sha256:a8d24eb5cb67996fb84633fdc96dbc04f2d8b12bfcb20ab3222d6be271616b67",
                "sha256:bef49c07fcb411c942da6ee7d7ea37430f830c482bf6e4b72d92fd506dd3a427",
                "sha256:bffba15cff4802ff493d6edcf20d7f94ab1c2aee7cfc1e1c7627c05f1102eee8",
                "sha256:c0643250dd0756f4960633f5359884f609a234d4066686754e834073d84e9b51",
                "sha256:c6f90234e4438062d6d09f7d667f79edcc7c5e354ba3a145ff98176f974b8132",
                "sha256:c8c9301e3274276d3d20ab6335aa7c5d9e5da2009cccb01127bddb5c951f8870",
                "sha256:c8ece5d1a99a2adcb38f69af2f07d96fb615415d32820108cd340361f590d128",
                "sha256:cb863057bed786f6622982fb8b2c122c68e6e9eddccaa9fa98fd937e45ee6c4f",
                "sha256:ccbe7129a282ec5797df0451ca1802f11578be018a32979131065565da89b392",
                "sha256:d25cdedd72aa2271b984af54294e9527306966ec18963fd032cc851a725ddc1b",
                "sha256:d75afcbb214d429dacdf75e03a1d6d6c5bd1fa9c35e360df8ea5b6270fb2211c",
                "sha256:d7815e1519a8361c5ea2a7a5864945906f8e386fa1bc26797b4d443ab11a4589",
                "sha256:eb6ac495dccb1520667cfea50d89e26f9ffb49fa28496dea2b95720d8b45eb54",
                "sha256:ec615d2912b9ad807afd3be80bf32711c0ff9c2b00aa004a45fd5d5dde7853d9",
                "sha256:f5e09dc5c6e1796969fd4b775ea1417d70e49a5df29aaa8e5d10675d9e11872c",
                "sha256:f6661b58412879a2aa099abb26d3c93e91dedaba55a6394d1fb1512a77e85de9",
                "sha256:f7d20c3267385236b4ce54575cc8e9f43e7673fc761b069c820097092e318e3b",
                "sha256:fe7c51f8a2ab616cb34bc33d810c887e89117771028e1e3d3b77ca25ddeace04"
            ],
            "markers": "python_version >= '3' and platform_machine == 'aarch64' or (platform_machine == 'ppc64le' or (platform_machine == 'x86_64' or (platform_machine == 'amd64' or (platform_machine == 'AMD64' or (platform_machine == 'win32' or platform_machine == 'WIN32')))))",
            "version": "==1.1.3.post0"
        },
        "gunicorn": {
            "hashes": [
                "sha256:9dcc4547dbb1cb284accfb15ab5667a0e5d1881cc443e0677b4882a4067a807e",
                "sha256:e0a968b5ba15f8a328fdfd7ab1fcb5af4470c28aaf7e55df02a99bc13138e6e8"
            ],
            "index": "pypi",
            "version": "==20.1.0"
        },
        "iniconfig": {
            "hashes": [
                "sha256:011e24c64b7f47f6ebd835bb12a743f2fbe9a26d4cecaa7f53bc4f35ee9da8b3",
                "sha256:bc3af051d7d14b2ee5ef9969666def0cd1a000e121eaea580d4a313df4b37f32"
            ],
            "version": "==1.1.1"
        },
        "injector": {
            "hashes": [
                "sha256:8661b49a2f8309ce61e3a6a82b7acb5e225c4bde8e17d1610c893a670dff223a",
                "sha256:f8fc5994176a8cf6b0455a8d1558c588733474ef17795553464e7e9d2f94eaf5"
            ],
            "index": "pypi",
            "version": "==0.20.1"
        },
        "itsdangerous": {
            "hashes": [
                "sha256:2c2349112351b88699d8d4b6b075022c0808887cb7ad10069318a8b0bc88db44",
                "sha256:5dbbc68b317e5e42f327f9021763545dc3fc3bfe22e6deb96aaf1fc38874156a"
            ],
            "markers": "python_version >= '3.7'",
            "version": "==2.1.2"
        },
        "jinja2": {
            "hashes": [
                "sha256:31351a702a408a9e7595a8fc6150fc3f43bb6bf7e319770cbc0db9df9437e852",
                "sha256:6088930bfe239f0e6710546ab9c19c9ef35e29792895fed6e6e31a023a182a61"
            ],
            "markers": "python_version >= '3.7'",
            "version": "==3.1.2"
        },
        "lxml": {
            "hashes": [
                "sha256:04da965dfebb5dac2619cb90fcf93efdb35b3c6994fea58a157a834f2f94b318",
                "sha256:0538747a9d7827ce3e16a8fdd201a99e661c7dee3c96c885d8ecba3c35d1032c",
                "sha256:0645e934e940107e2fdbe7c5b6fb8ec6232444260752598bc4d09511bd056c0b",
                "sha256:079b68f197c796e42aa80b1f739f058dcee796dc725cc9a1be0cdb08fc45b000",
                "sha256:0f3f0059891d3254c7b5fb935330d6db38d6519ecd238ca4fce93c234b4a0f73",
                "sha256:10d2017f9150248563bb579cd0d07c61c58da85c922b780060dcc9a3aa9f432d",
                "sha256:1355755b62c28950f9ce123c7a41460ed9743c699905cbe664a5bcc5c9c7c7fb",
                "sha256:13c90064b224e10c14dcdf8086688d3f0e612db53766e7478d7754703295c7c8",
                "sha256:1423631e3d51008871299525b541413c9b6c6423593e89f9c4cfbe8460afc0a2",
                "sha256:1436cf0063bba7888e43f1ba8d58824f085410ea2025befe81150aceb123e345",
                "sha256:1a7c59c6ffd6ef5db362b798f350e24ab2cfa5700d53ac6681918f314a4d3b94",
                "sha256:1e1cf47774373777936c5aabad489fef7b1c087dcd1f426b621fda9dcc12994e",
                "sha256:206a51077773c6c5d2ce1991327cda719063a47adc02bd703c56a662cdb6c58b",
                "sha256:21fb3d24ab430fc538a96e9fbb9b150029914805d551deeac7d7822f64631dfc",
                "sha256:27e590352c76156f50f538dbcebd1925317a0f70540f7dc8c97d2931c595783a",
                "sha256:287605bede6bd36e930577c5925fcea17cb30453d96a7b4c63c14a257118dbb9",
                "sha256:2aaf6a0a6465d39b5ca69688fce82d20088c1838534982996ec46633dc7ad6cc",
                "sha256:32a73c53783becdb7eaf75a2a1525ea8e49379fb7248c3eeefb9412123536387",
                "sha256:41fb58868b816c202e8881fd0f179a4644ce6e7cbbb248ef0283a34b73ec73bb",
                "sha256:4780677767dd52b99f0af1f123bc2c22873d30b474aa0e2fc3fe5e02217687c7",
                "sha256:4878e667ebabe9b65e785ac8da4d48886fe81193a84bbe49f12acff8f7a383a4",
                "sha256:487c8e61d7acc50b8be82bda8c8d21d20e133c3cbf41bd8ad7eb1aaeb3f07c97",
                "sha256:4beea0f31491bc086991b97517b9683e5cfb369205dac0148ef685ac12a20a67",
                "sha256:4cfbe42c686f33944e12f45a27d25a492cc0e43e1dc1da5d6a87cbcaf2e95627",
                "sha256:4d5bae0a37af799207140652a700f21a85946f107a199bcb06720b13a4f1f0b7",
                "sha256:4e285b5f2bf321fc0857b491b5028c5f276ec0c873b985d58d7748ece1d770dd",
                "sha256:57e4d637258703d14171b54203fd6822fda218c6c2658a7d30816b10995f29f3",
                "sha256:5974895115737a74a00b321e339b9c3f45c20275d226398ae79ac008d908bff7",
                "sha256:5ef87fca280fb15342726bd5f980f6faf8b84a5287fcc2d4962ea8af88b35130",
                "sha256:603a464c2e67d8a546ddaa206d98e3246e5db05594b97db844c2f0a1af37cf5b",
                "sha256:6653071f4f9bac46fbc30f3c7838b0e9063ee335908c5d61fb7a4a86c8fd2036",
                "sha256:6ca2264f341dd81e41f3fffecec6e446aa2121e0b8d026fb5130e02de1402785",
                "sha256:6d279033bf614953c3fc4a0aa9ac33a21e8044ca72d4fa8b9273fe75359d5cca",
                "sha256:6d949f53ad4fc7cf02c44d6678e7ff05ec5f5552b235b9e136bd52e9bf730b91",
                "sha256:6daa662aba22ef3258934105be2dd9afa5bb45748f4f702a3b39a5bf53a1f4dc",
                "sha256:6eafc048ea3f1b3c136c71a86db393be36b5b3d9c87b1c25204e7d397cee9536",
                "sha256:830c88747dce8a3e7525defa68afd742b4580df6aa2fdd6f0855481e3994d391",
                "sha256:86e92728ef3fc842c50a5cb1d5ba2bc66db7da08a7af53fb3da79e202d1b2cd3",
                "sha256:8caf4d16b31961e964c62194ea3e26a0e9561cdf72eecb1781458b67ec83423d",
                "sha256:8d1a92d8e90b286d491e5626af53afef2ba04da33e82e30744795c71880eaa21",
                "sha256:8f0a4d179c9a941eb80c3a63cdb495e539e064f8054230844dcf2fcb812b71d3",
                "sha256:9232b09f5efee6a495a99ae6824881940d6447debe272ea400c02e3b68aad85d",
                "sha256:927a9dd016d6033bc12e0bf5dee1dde140235fc8d0d51099353c76081c03dc29",
                "sha256:93e414e3206779ef41e5ff2448067213febf260ba747fc65389a3ddaa3fb8715",
                "sha256:98cafc618614d72b02185ac583c6f7796202062c41d2eeecdf07820bad3295ed",
                "sha256:9c3a88d20e4fe4a2a4a84bf439a5ac9c9aba400b85244c63a1ab7088f85d9d25",
                "sha256:9f36de4cd0c262dd9927886cc2305aa3f2210db437aa4fed3fb4940b8bf4592c",
                "sha256:a60f90bba4c37962cbf210f0188ecca87daafdf60271f4c6948606e4dabf8785",
                "sha256:a614e4afed58c14254e67862456d212c4dcceebab2eaa44d627c2ca04bf86837",
                "sha256:ae06c1e4bc60ee076292e582a7512f304abdf6c70db59b56745cca1684f875a4",
                "sha256:b122a188cd292c4d2fcd78d04f863b789ef43aa129b233d7c9004de08693728b",
                "sha256:b570da8cd0012f4af9fa76a5635cd31f707473e65a5a335b186069d5c7121ff2",
                "sha256:bcaa1c495ce623966d9fc8a187da80082334236a2a1c7e141763ffaf7a405067",
                "sha256:bd34f6d1810d9354dc7e35158aa6cc33456be7706df4420819af6ed966e85448",
                "sha256:be9eb06489bc975c38706902cbc6888f39e946b81383abc2838d186f0e8b6a9d",
                "sha256:c4b2e0559b68455c085fb0f6178e9752c4be3bba104d6e881eb5573b399d1eb2",
                "sha256:c62e8dd9754b7debda0c5ba59d34509c4688f853588d75b53c3791983faa96fc",
                "sha256:c852b1530083a620cb0de5f3cd6826f19862bafeaf77586f1aef326e49d95f0c",
                "sha256:d9fc0bf3ff86c17348dfc5d322f627d78273eba545db865c3cd14b3f19e57fa5",
                "sha256:dad7b164905d3e534883281c050180afcf1e230c3d4a54e8038aa5cfcf312b84",
                "sha256:e5f66bdf0976ec667fc4594d2812a00b07ed14d1b44259d19a41ae3fff99f2b8",
                "sha256:e8f0c9d65da595cfe91713bc1222af9ecabd37971762cb830dea2fc3b3bb2acf",
                "sha256:edffbe3c510d8f4bf8640e02ca019e48a9b72357318383ca60e3330c23aaffc7",
                "sha256:eea5d6443b093e1545ad0210e6cf27f920482bfcf5c77cdc8596aec73523bb7e",
                "sha256:ef72013e20dd5ba86a8ae1aed7f56f31d3374189aa8b433e7b12ad182c0d2dfb",
                "sha256:f05251bbc2145349b8d0b77c0d4e5f3b228418807b1ee27cefb11f69ed3d233b",
                "sha256:f1be258c4d3dc609e654a1dc59d37b17d7fef05df912c01fc2e15eb43a9735f3",
                "sha256:f9ced82717c7ec65a67667bb05865ffe38af0e835cdd78728f1209c8fffe0cad",
                "sha256:fe17d10b97fdf58155f858606bddb4e037b805a60ae023c009f760d8361a4eb8",
                "sha256:fe749b052bb7233fe5d072fcb549221a8cb1a16725c47c37e42b0b9cb3ff2c3f"
            ],
            "markers": "python_version >= '2.7' and python_version not in '3.0, 3.1, 3.2, 3.3, 3.4'",
            "version": "==4.9.1"
        },
        "markupsafe": {
            "hashes": [
                "sha256:0212a68688482dc52b2d45013df70d169f542b7394fc744c02a57374a4207003",
                "sha256:089cf3dbf0cd6c100f02945abeb18484bd1ee57a079aefd52cffd17fba910b88",
                "sha256:10c1bfff05d95783da83491be968e8fe789263689c02724e0c691933c52994f5",
                "sha256:33b74d289bd2f5e527beadcaa3f401e0df0a89927c1559c8566c066fa4248ab7",
                "sha256:3799351e2336dc91ea70b034983ee71cf2f9533cdff7c14c90ea126bfd95d65a",
                "sha256:3ce11ee3f23f79dbd06fb3d63e2f6af7b12db1d46932fe7bd8afa259a5996603",
                "sha256:421be9fbf0ffe9ffd7a378aafebbf6f4602d564d34be190fc19a193232fd12b1",
                "sha256:43093fb83d8343aac0b1baa75516da6092f58f41200907ef92448ecab8825135",
                "sha256:46d00d6cfecdde84d40e572d63735ef81423ad31184100411e6e3388d405e247",
                "sha256:4a33dea2b688b3190ee12bd7cfa29d39c9ed176bda40bfa11099a3ce5d3a7ac6",
                "sha256:4b9fe39a2ccc108a4accc2676e77da025ce383c108593d65cc909add5c3bd601",
                "sha256:56442863ed2b06d19c37f94d999035e15ee982988920e12a5b4ba29b62ad1f77",
                "sha256:671cd1187ed5e62818414afe79ed29da836dde67166a9fac6d435873c44fdd02",
                "sha256:694deca8d702d5db21ec83983ce0bb4b26a578e71fbdbd4fdcd387daa90e4d5e",
                "sha256:6a074d34ee7a5ce3effbc526b7083ec9731bb3cbf921bbe1d3005d4d2bdb3a63",
                "sha256:6d0072fea50feec76a4c418096652f2c3238eaa014b2f94aeb1d56a66b41403f",
                "sha256:6fbf47b5d3728c6aea2abb0589b5d30459e369baa772e0f37a0320185e87c980",
                "sha256:7f91197cc9e48f989d12e4e6fbc46495c446636dfc81b9ccf50bb0ec74b91d4b",
                "sha256:86b1f75c4e7c2ac2ccdaec2b9022845dbb81880ca318bb7a0a01fbf7813e3812",
                "sha256:8dc1c72a69aa7e082593c4a203dcf94ddb74bb5c8a731e4e1eb68d031e8498ff",
                "sha256:8e3dcf21f367459434c18e71b2a9532d96547aef8a871872a5bd69a715c15f96",
                "sha256:8e576a51ad59e4bfaac456023a78f6b5e6e7651dcd383bcc3e18d06f9b55d6d1",
                "sha256:96e37a3dc86e80bf81758c152fe66dbf60ed5eca3d26305edf01892257049925",
                "sha256:97a68e6ada378df82bc9f16b800ab77cbf4b2fada0081794318520138c088e4a",
                "sha256:99a2a507ed3ac881b975a2976d59f38c19386d128e7a9a18b7df6fff1fd4c1d6",
                "sha256:a49907dd8420c5685cfa064a1335b6754b74541bbb3706c259c02ed65b644b3e",
                "sha256:b09bf97215625a311f669476f44b8b318b075847b49316d3e28c08e41a7a573f",
                "sha256:b7bd98b796e2b6553da7225aeb61f447f80a1ca64f41d83612e6139ca5213aa4",
                "sha256:b87db4360013327109564f0e591bd2a3b318547bcef31b468a92ee504d07ae4f",
                "sha256:bcb3ed405ed3222f9904899563d6fc492ff75cce56cba05e32eff40e6acbeaa3",
                "sha256:d4306c36ca495956b6d568d276ac11fdd9c30a36f1b6eb928070dc5360b22e1c",
                "sha256:d5ee4f386140395a2c818d149221149c54849dfcfcb9f1debfe07a8b8bd63f9a",
                "sha256:dda30ba7e87fbbb7eab1ec9f58678558fd9a6b8b853530e176eabd064da81417",
                "sha256:e04e26803c9c3851c931eac40c695602c6295b8d432cbe78609649ad9bd2da8a",
                "sha256:e1c0b87e09fa55a220f058d1d49d3fb8df88fbfab58558f1198e08c1e1de842a",
                "sha256:e72591e9ecd94d7feb70c1cbd7be7b3ebea3f548870aa91e2732960fa4d57a37",
                "sha256:e8c843bbcda3a2f1e3c2ab25913c80a3c5376cd00c6e8c4a86a89a28c8dc5452",
                "sha256:efc1913fd2ca4f334418481c7e595c00aad186563bbc1ec76067848c7ca0a933",
                "sha256:f121a1420d4e173a5d96e47e9a0c0dcff965afdf1626d28de1460815f7c4ee7a",
                "sha256:fc7b548b17d238737688817ab67deebb30e8073c95749d55538ed473130ec0c7"
            ],
            "markers": "python_version >= '3.7'",
            "version": "==2.1.1"
        },
        "more-itertools": {
            "hashes": [
                "sha256:250e83d7e81d0c87ca6bd942e6aeab8cc9daa6096d12c5308f3f92fa5e5c1f41",
                "sha256:5a6257e40878ef0520b1803990e3e22303a41b5714006c32a3fd8304b26ea1ab"
            ],
            "version": "==9.0.0"
        },
        "mosspy": {
            "hashes": [
                "sha256:7ebae3fc2e84f70a80796fee640fd933511e9da9b5e15920e60e298bb9a785ad"
            ],
            "index": "pypi",
            "version": "==1.0.9"
        },
        "packaging": {
            "hashes": [
                "sha256:dd47c42927d89ab911e606518907cc2d3a1f38bbd026385970643f9c5b8ecfeb",
                "sha256:ef103e05f519cdc783ae24ea4e2e0f508a9c99b2d4969652eed6a2e1ea5bd522"
            ],
            "markers": "python_version >= '3.6'",
            "version": "==21.3"
        },
        "pam": {
            "hashes": [
                "sha256:eb66b7b65d7698fd5f939e1d5d56bd4046c3304af6eb7bb0213340dcb13a117a",
                "sha256:fcec42cee82e164b77fdf70c52117c668645c17d9756b3af66058816a5102401"
            ],
            "index": "pypi",
            "version": "==0.2.0"
        },
        "pluggy": {
            "hashes": [
                "sha256:4224373bacce55f955a878bf9cfa763c1e360858e330072059e10bad68531159",
                "sha256:74134bbf457f031a36d68416e1509f34bd5ccc019f0bcc952c7b909d06b37bd3"
            ],
            "markers": "python_version >= '3.6'",
            "version": "==1.0.0"
        },
        "py": {
            "hashes": [
                "sha256:51c75c4126074b472f746a24399ad32f6053d1b34b68d2fa41e558e6f4a98719",
                "sha256:607c53218732647dff4acdfcd50cb62615cedf612e72d1724fb1a0cc6405b378"
            ],
            "markers": "python_version >= '2.7' and python_version not in '3.0, 3.1, 3.2, 3.3, 3.4'",
            "version": "==1.11.0"
        },
        "pyjwt": {
            "hashes": [
                "sha256:69285c7e31fc44f68a1feb309e948e0df53259d579295e6cfe2b1792329f05fd",
                "sha256:d83c3d892a77bbb74d3e1a2cfa90afaadb60945205d1095d9221f04466f64c14"
            ],
            "markers": "python_version >= '3.7'",
            "version": "==2.6.0"
        },
        "pymysql": {
            "hashes": [
                "sha256:41fc3a0c5013d5f039639442321185532e3e2c8924687abe6537de157d403641",
                "sha256:816927a350f38d56072aeca5dfb10221fe1dc653745853d30a216637f5d7ad36"
            ],
            "index": "pypi",
            "version": "==1.0.2"
        },
        "pyparsing": {
            "hashes": [
                "sha256:2b020ecf7d21b687f219b71ecad3631f644a47f01403fa1d1036b0c6416d70fb",
                "sha256:5026bae9a10eeaefb61dab2f09052b9f4307d44aee4eda64b309723d8d206bbc"
            ],
            "markers": "python_full_version >= '3.6.8'",
            "version": "==3.0.9"
        },
        "pytest": {
            "hashes": [
                "sha256:1377bda3466d70b55e3f5cecfa55bb7cfcf219c7964629b967c37cf0bda818b7",
                "sha256:4f365fec2dff9c1162f834d9f18af1ba13062db0c708bf7b946f8a5c76180c39"
            ],
            "markers": "python_version >= '3.7'",
            "version": "==7.1.3"
        },
        "pytest-mock": {
            "hashes": [
                "sha256:f4c973eeae0282963eb293eb173ce91b091a79c1334455acfac9ddee8a1c784b",
                "sha256:fbbdb085ef7c252a326fd8cdcac0aa3b1333d8811f131bdcc701002e1be7ed4f"
            ],
            "index": "pypi",
            "version": "==3.10.0"
        },
        "python-pam": {
            "hashes": [
                "sha256:4ac51dd8953ac59aa45505882b565eef6a22e0423dcf25d63369902080416c20",
                "sha256:97235235ba9b82dbae8068d1099508455949b275f77273ca22fdbd8b1fb5d950"
            ],
            "version": "==2.0.2"
        },
        "pyyaml": {
            "hashes": [
                "sha256:01b45c0191e6d66c470b6cf1b9531a771a83c1c4208272ead47a3ae4f2f603bf",
                "sha256:0283c35a6a9fbf047493e3a0ce8d79ef5030852c51e9d911a27badfde0605293",
                "sha256:055d937d65826939cb044fc8c9b08889e8c743fdc6a32b33e2390f66013e449b",
                "sha256:07751360502caac1c067a8132d150cf3d61339af5691fe9e87803040dbc5db57",
                "sha256:0b4624f379dab24d3725ffde76559cff63d9ec94e1736b556dacdfebe5ab6d4b",
                "sha256:0ce82d761c532fe4ec3f87fc45688bdd3a4c1dc5e0b4a19814b9009a29baefd4",
                "sha256:1e4747bc279b4f613a09eb64bba2ba602d8a6664c6ce6396a4d0cd413a50ce07",
                "sha256:213c60cd50106436cc818accf5baa1aba61c0189ff610f64f4a3e8c6726218ba",
                "sha256:231710d57adfd809ef5d34183b8ed1eeae3f76459c18fb4a0b373ad56bedcdd9",
                "sha256:277a0ef2981ca40581a47093e9e2d13b3f1fbbeffae064c1d21bfceba2030287",
                "sha256:2cd5df3de48857ed0544b34e2d40e9fac445930039f3cfe4bcc592a1f836d513",
                "sha256:40527857252b61eacd1d9af500c3337ba8deb8fc298940291486c465c8b46ec0",
                "sha256:432557aa2c09802be39460360ddffd48156e30721f5e8d917f01d31694216782",
                "sha256:473f9edb243cb1935ab5a084eb238d842fb8f404ed2193a915d1784b5a6b5fc0",
                "sha256:48c346915c114f5fdb3ead70312bd042a953a8ce5c7106d5bfb1a5254e47da92",
                "sha256:50602afada6d6cbfad699b0c7bb50d5ccffa7e46a3d738092afddc1f9758427f",
                "sha256:68fb519c14306fec9720a2a5b45bc9f0c8d1b9c72adf45c37baedfcd949c35a2",
                "sha256:77f396e6ef4c73fdc33a9157446466f1cff553d979bd00ecb64385760c6babdc",
                "sha256:81957921f441d50af23654aa6c5e5eaf9b06aba7f0a19c18a538dc7ef291c5a1",
                "sha256:819b3830a1543db06c4d4b865e70ded25be52a2e0631ccd2f6a47a2822f2fd7c",
                "sha256:897b80890765f037df3403d22bab41627ca8811ae55e9a722fd0392850ec4d86",
                "sha256:98c4d36e99714e55cfbaaee6dd5badbc9a1ec339ebfc3b1f52e293aee6bb71a4",
                "sha256:9df7ed3b3d2e0ecfe09e14741b857df43adb5a3ddadc919a2d94fbdf78fea53c",
                "sha256:9fa600030013c4de8165339db93d182b9431076eb98eb40ee068700c9c813e34",
                "sha256:a80a78046a72361de73f8f395f1f1e49f956c6be882eed58505a15f3e430962b",
                "sha256:afa17f5bc4d1b10afd4466fd3a44dc0e245382deca5b3c353d8b757f9e3ecb8d",
                "sha256:b3d267842bf12586ba6c734f89d1f5b871df0273157918b0ccefa29deb05c21c",
                "sha256:b5b9eccad747aabaaffbc6064800670f0c297e52c12754eb1d976c57e4f74dcb",
                "sha256:bfaef573a63ba8923503d27530362590ff4f576c626d86a9fed95822a8255fd7",
                "sha256:c5687b8d43cf58545ade1fe3e055f70eac7a5a1a0bf42824308d868289a95737",
                "sha256:cba8c411ef271aa037d7357a2bc8f9ee8b58b9965831d9e51baf703280dc73d3",
                "sha256:d15a181d1ecd0d4270dc32edb46f7cb7733c7c508857278d3d378d14d606db2d",
                "sha256:d4b0ba9512519522b118090257be113b9468d804b19d63c71dbcf4a48fa32358",
                "sha256:d4db7c7aef085872ef65a8fd7d6d09a14ae91f691dec3e87ee5ee0539d516f53",
                "sha256:d4eccecf9adf6fbcc6861a38015c2a64f38b9d94838ac1810a9023a0609e1b78",
                "sha256:d67d839ede4ed1b28a4e8909735fc992a923cdb84e618544973d7dfc71540803",
                "sha256:daf496c58a8c52083df09b80c860005194014c3698698d1a57cbcfa182142a3a",
                "sha256:dbad0e9d368bb989f4515da330b88a057617d16b6a8245084f1b05400f24609f",
                "sha256:e61ceaab6f49fb8bdfaa0f92c4b57bcfbea54c09277b1b4f7ac376bfb7a7c174",
                "sha256:f84fbc98b019fef2ee9a1cb3ce93e3187a6df0b2538a651bfb890254ba9f90b5"
            ],
            "version": "==6.0"
        },
        "sentry-sdk": {
            "extras": [
                "flask"
            ],
            "hashes": [
                "sha256:06c0fa9ccfdc80d7e3b5d2021978d6eb9351fa49db9b5847cf4d1f2a473414ad",
                "sha256:105faf7bd7b7fa25653404619ee261527266b14103fe1389e0ce077bd23a9691"
            ],
            "index": "pypi",
            "version": "==1.10.1"
        },
        "setuptools": {
            "hashes": [
                "sha256:512e5536220e38146176efb833d4a62aa726b7bbff82cfbc8ba9eaa3996e0b17",
                "sha256:f62ea9da9ed6289bfe868cd6845968a2c854d1427f8548d52cae02a42b4f0356"
            ],
            "markers": "python_version >= '3.7'",
            "version": "==65.5.0"
        },
        "six": {
            "hashes": [
                "sha256:1e61c37477a1626458e36f7b1d82aa5c9b094fa4802892072e49de9c60c4c926",
                "sha256:8abb2f1d86890a2dfb989f9a77cfcfd3e47c2a354b01111771326f8aa26e0254"
            ],
            "markers": "python_version >= '2.7' and python_version not in '3.0, 3.1, 3.2, 3.3'",
            "version": "==1.16.0"
        },
        "soupsieve": {
            "hashes": [
                "sha256:3b2503d3c7084a42b1ebd08116e5f81aadfaea95863628c80a3b774a11b7c759",
                "sha256:fc53893b3da2c33de295667a0e19f078c14bf86544af307354de5fcf12a3f30d"
            ],
            "markers": "python_version >= '3.6'",
            "version": "==2.3.2.post1"
        },
        "sqlalchemy": {
            "hashes": [
                "sha256:04f2598c70ea4a29b12d429a80fad3a5202d56dce19dd4916cc46a965a5ca2e9",
                "sha256:0501f74dd2745ec38f44c3a3900fb38b9db1ce21586b691482a19134062bf049",
                "sha256:0ee377eb5c878f7cefd633ab23c09e99d97c449dd999df639600f49b74725b80",
                "sha256:11b2ec26c5d2eefbc3e6dca4ec3d3d95028be62320b96d687b6e740424f83b7d",
                "sha256:15d878929c30e41fb3d757a5853b680a561974a0168cd33a750be4ab93181628",
                "sha256:177e41914c476ed1e1b77fd05966ea88c094053e17a85303c4ce007f88eff363",
                "sha256:1811a0b19a08af7750c0b69e38dec3d46e47c4ec1d74b6184d69f12e1c99a5e0",
                "sha256:1d0c23ecf7b3bc81e29459c34a3f4c68ca538de01254e24718a7926810dc39a6",
                "sha256:22459fc1718785d8a86171bbe7f01b5c9d7297301ac150f508d06e62a2b4e8d2",
                "sha256:28e881266a172a4d3c5929182fde6bb6fba22ac93f137d5380cc78a11a9dd124",
                "sha256:2e56dfed0cc3e57b2f5c35719d64f4682ef26836b81067ee6cfad062290fd9e2",
                "sha256:2fd49af453e590884d9cdad3586415922a8e9bb669d874ee1dc55d2bc425aacd",
                "sha256:3ab7c158f98de6cb4f1faab2d12973b330c2878d0c6b689a8ca424c02d66e1b3",
                "sha256:4948b6c5f4e56693bbeff52f574279e4ff972ea3353f45967a14c30fb7ae2beb",
                "sha256:4e1c5f8182b4f89628d782a183d44db51b5af84abd6ce17ebb9804355c88a7b5",
                "sha256:5ce6929417d5dce5ad1d3f147db81735a4a0573b8fb36e3f95500a06eaddd93e",
                "sha256:5ede1495174e69e273fad68ad45b6d25c135c1ce67723e40f6cf536cb515e20b",
                "sha256:5f966b64c852592469a7eb759615bbd351571340b8b344f1d3fa2478b5a4c934",
                "sha256:6045b3089195bc008aee5c273ec3ba9a93f6a55bc1b288841bd4cfac729b6516",
                "sha256:6c9d004eb78c71dd4d3ce625b80c96a827d2e67af9c0d32b1c1e75992a7916cc",
                "sha256:6e39e97102f8e26c6c8550cb368c724028c575ec8bc71afbbf8faaffe2b2092a",
                "sha256:723e3b9374c1ce1b53564c863d1a6b2f1dc4e97b1c178d9b643b191d8b1be738",
                "sha256:876eb185911c8b95342b50a8c4435e1c625944b698a5b4a978ad2ffe74502908",
                "sha256:9256563506e040daddccaa948d055e006e971771768df3bb01feeb4386c242b0",
                "sha256:934472bb7d8666727746a75670a1f8d91a9cae8c464bba79da30a0f6faccd9e1",
                "sha256:97ff50cd85bb907c2a14afb50157d0d5486a4b4639976b4a3346f34b6d1b5272",
                "sha256:9b01d9cd2f9096f688c71a3d0f33f3cd0af8549014e66a7a7dee6fc214a7277d",
                "sha256:9e3a65ce9ed250b2f096f7b559fe3ee92e6605fab3099b661f0397a9ac7c8d95",
                "sha256:a7dd5b7b34a8ba8d181402d824b87c5cee8963cb2e23aa03dbfe8b1f1e417cde",
                "sha256:a85723c00a636eed863adb11f1e8aaa36ad1c10089537823b4540948a8429798",
                "sha256:b42c59ffd2d625b28cdb2ae4cde8488543d428cba17ff672a543062f7caee525",
                "sha256:bd448b262544b47a2766c34c0364de830f7fb0772d9959c1c42ad61d91ab6565",
                "sha256:ca9389a00f639383c93ed00333ed763812f80b5ae9e772ea32f627043f8c9c88",
                "sha256:df76e9c60879fdc785a34a82bf1e8691716ffac32e7790d31a98d7dec6e81545",
                "sha256:e12c6949bae10f1012ab5c0ea52ab8db99adcb8c7b717938252137cdf694c775",
                "sha256:e4ef8cb3c5b326f839bfeb6af5f406ba02ad69a78c7aac0fbeeba994ad9bb48a",
                "sha256:e7e740453f0149437c101ea4fdc7eea2689938c5760d7dcc436c863a12f1f565",
                "sha256:effc89e606165ca55f04f3f24b86d3e1c605e534bf1a96e4e077ce1b027d0b71",
                "sha256:f0f574465b78f29f533976c06b913e54ab4980b9931b69aa9d306afff13a9471",
                "sha256:fa5b7eb2051e857bf83bade0641628efe5a88de189390725d3e6033a1fff4257",
                "sha256:fdb94a3d1ba77ff2ef11912192c066f01e68416f554c194d769391638c8ad09a"
            ],
            "index": "pypi",
            "version": "==1.4.42"
        },
        "tap.py": {
            "extras": [
                "yaml"
            ],
            "hashes": [
                "sha256:3c0cd45212ad5a25b35445964e2517efa000a118a1bfc3437dae828892eaf1e1",
                "sha256:928c852f3361707b796c93730cc5402c6378660b161114461066acf53d65bf5d"
            ],
            "index": "pypi",
            "version": "==3.1"
        },
        "toml": {
            "hashes": [
                "sha256:806143ae5bfb6a3c6e736a764057db0e6a0e05e338b5630894a5f779cabb4f9b",
                "sha256:b3bda1d108d5dd99f4a20d24d9c348e91c4db7ab1b749200bded2f839ccbe68f"
            ],
            "markers": "python_version >= '2.6' and python_version not in '3.0, 3.1, 3.2, 3.3'",
            "version": "==0.10.2"
        },
        "tomli": {
            "hashes": [
                "sha256:939de3e7a6161af0c887ef91b7d41a53e7c5a1ca976325f429cb46ea9bc30ecc",
                "sha256:de526c12914f0c550d15924c62d72abc48d6fe7364aa87328337a31007fe8a4f"
            ],
            "markers": "python_version >= '3.7'",
            "version": "==2.0.1"
        },
        "typing-extensions": {
            "hashes": [
                "sha256:49f75d16ff11f1cd258e1b988ccff82a3ca5570217d7ad8c5f48205dd99a677e",
                "sha256:d8226d10bc02a29bcc81df19a26e56a9647f8b0a6d4a83924139f4a8b01f17b7",
                "sha256:f1d25edafde516b146ecd0613dabcc61409817af4766fbbcfb8d1ad4ec441a34"
            ],
            "markers": "python_version < '3.9'",
            "version": "==3.10.0.2"
        },
        "urllib3": {
            "hashes": [
                "sha256:3fa96cf423e6987997fc326ae8df396db2a8b7c667747d47ddd8ecba91f4a74e",
                "sha256:b930dd878d5a8afb066a637fbb35144fe7901e3b209d1cd4f524bd0e9deee997"
            ],
            "markers": "python_version >= '3.6'",
            "version": "==1.26.12"
        },
        "werkzeug": {
            "hashes": [
                "sha256:7ea2d48322cc7c0f8b3a215ed73eabd7b5d75d0b50e31ab006286ccff9e00b8f",
                "sha256:f979ab81f58d7318e064e99c4506445d60135ac5cd2e177a2de0089bfd4c9bd5"
            ],
            "index": "pypi",
            "version": "==2.2.2"
        }
    },
    "develop": {
        "attrs": {
            "hashes": [
                "sha256:29adc2665447e5191d0e7c568fde78b21f9672d344281d0c6e1ab085429b22b6",
                "sha256:86efa402f67bf2df34f51a335487cf46b1ec130d02b8d39fd248abfd30da551c"
            ],
            "markers": "python_version >= '3.5'",
            "version": "==22.1.0"
        },
        "iniconfig": {
            "hashes": [
                "sha256:011e24c64b7f47f6ebd835bb12a743f2fbe9a26d4cecaa7f53bc4f35ee9da8b3",
                "sha256:bc3af051d7d14b2ee5ef9969666def0cd1a000e121eaea580d4a313df4b37f32"
            ],
            "version": "==1.1.1"
        },
        "packaging": {
            "hashes": [
                "sha256:dd47c42927d89ab911e606518907cc2d3a1f38bbd026385970643f9c5b8ecfeb",
                "sha256:ef103e05f519cdc783ae24ea4e2e0f508a9c99b2d4969652eed6a2e1ea5bd522"
            ],
            "markers": "python_version >= '3.6'",
            "version": "==21.3"
        },
        "pluggy": {
            "hashes": [
                "sha256:4224373bacce55f955a878bf9cfa763c1e360858e330072059e10bad68531159",
                "sha256:74134bbf457f031a36d68416e1509f34bd5ccc019f0bcc952c7b909d06b37bd3"
            ],
            "markers": "python_version >= '3.6'",
            "version": "==1.0.0"
        },
        "py": {
            "hashes": [
                "sha256:51c75c4126074b472f746a24399ad32f6053d1b34b68d2fa41e558e6f4a98719",
                "sha256:607c53218732647dff4acdfcd50cb62615cedf612e72d1724fb1a0cc6405b378"
            ],
            "markers": "python_version >= '2.7' and python_version not in '3.0, 3.1, 3.2, 3.3, 3.4'",
            "version": "==1.11.0"
        },
        "pyparsing": {
            "hashes": [
                "sha256:2b020ecf7d21b687f219b71ecad3631f644a47f01403fa1d1036b0c6416d70fb",
                "sha256:5026bae9a10eeaefb61dab2f09052b9f4307d44aee4eda64b309723d8d206bbc"
            ],
            "markers": "python_full_version >= '3.6.8'",
            "version": "==3.0.9"
        },
        "pytest": {
            "hashes": [
                "sha256:1377bda3466d70b55e3f5cecfa55bb7cfcf219c7964629b967c37cf0bda818b7",
                "sha256:4f365fec2dff9c1162f834d9f18af1ba13062db0c708bf7b946f8a5c76180c39"
            ],
            "markers": "python_version >= '3.7'",
            "version": "==7.1.3"
        },
        "toml": {
            "hashes": [
                "sha256:806143ae5bfb6a3c6e736a764057db0e6a0e05e338b5630894a5f779cabb4f9b",
                "sha256:b3bda1d108d5dd99f4a20d24d9c348e91c4db7ab1b749200bded2f839ccbe68f"
            ],
            "markers": "python_version >= '2.6' and python_version not in '3.0, 3.1, 3.2, 3.3'",
            "version": "==0.10.2"
        },
        "tomli": {
            "hashes": [
                "sha256:939de3e7a6161af0c887ef91b7d41a53e7c5a1ca976325f429cb46ea9bc30ecc",
                "sha256:de526c12914f0c550d15924c62d72abc48d6fe7364aa87328337a31007fe8a4f"
            ],
            "markers": "python_version >= '3.7'",
            "version": "==2.0.1"
        }
    }
}
